{
  "version": 4,
  "terraform_version": "1.3.7",
  "serial": 8,
  "lineage": "3b0e3d8d-8677-e739-a670-e6908b9482b4",
  "outputs": {
    "kubernetes_cluster_host": {
      "value": "34.93.54.93",
      "type": "string"
    },
    "kubernetes_cluster_name": {
      "value": "valentine-night-gke",
      "type": "string"
    },
    "project_id": {
      "value": "valentine-night",
      "type": "string"
    },
    "region": {
      "value": "asia-south1",
      "type": "string"
    }
  },
  "resources": [
    {
      "mode": "managed",
      "type": "google_compute_network",
      "name": "vpc",
      "provider": "provider[\"registry.terraform.io/hashicorp/google\"]",
      "instances": [
        {
          "schema_version": 0,
          "attributes": {
            "auto_create_subnetworks": false,
            "delete_default_routes_on_create": false,
            "description": "",
            "enable_ula_internal_ipv6": false,
            "gateway_ipv4": "",
            "id": "projects/valentine-night/global/networks/valentine-night-vpc",
            "internal_ipv6_range": "",
            "mtu": 0,
            "name": "valentine-night-vpc",
            "project": "valentine-night",
            "routing_mode": "REGIONAL",
            "self_link": "https://www.googleapis.com/compute/v1/projects/valentine-night/global/networks/valentine-night-vpc",
            "timeouts": null
          },
          "sensitive_attributes": [],
          "private": "eyJlMmJmYjczMC1lY2FhLTExZTYtOGY4OC0zNDM2M2JjN2M0YzAiOnsiY3JlYXRlIjoxMjAwMDAwMDAwMDAwLCJkZWxldGUiOjEyMDAwMDAwMDAwMDAsInVwZGF0ZSI6MTIwMDAwMDAwMDAwMH19"
        }
      ]
    },
    {
      "mode": "managed",
      "type": "google_compute_subnetwork",
      "name": "subnet",
      "provider": "provider[\"registry.terraform.io/hashicorp/google\"]",
      "instances": [
        {
          "schema_version": 0,
          "attributes": {
            "creation_timestamp": "2023-02-13T01:29:02.734-08:00",
            "description": "",
            "external_ipv6_prefix": "",
            "fingerprint": null,
            "gateway_address": "10.10.0.1",
            "id": "projects/valentine-night/regions/asia-south1/subnetworks/valentine-night-subnet",
            "ip_cidr_range": "10.10.0.0/24",
            "ipv6_access_type": "",
            "ipv6_cidr_range": "",
            "log_config": [],
            "name": "valentine-night-subnet",
            "network": "https://www.googleapis.com/compute/v1/projects/valentine-night/global/networks/valentine-night-vpc",
            "private_ip_google_access": false,
            "private_ipv6_google_access": "DISABLE_GOOGLE_ACCESS",
            "project": "valentine-night",
            "purpose": "PRIVATE",
            "region": "asia-south1",
            "role": "",
            "secondary_ip_range": [],
            "self_link": "https://www.googleapis.com/compute/v1/projects/valentine-night/regions/asia-south1/subnetworks/valentine-night-subnet",
            "stack_type": "IPV4_ONLY",
            "timeouts": null
          },
          "sensitive_attributes": [],
          "private": "eyJlMmJmYjczMC1lY2FhLTExZTYtOGY4OC0zNDM2M2JjN2M0YzAiOnsiY3JlYXRlIjoxMjAwMDAwMDAwMDAwLCJkZWxldGUiOjEyMDAwMDAwMDAwMDAsInVwZGF0ZSI6MTIwMDAwMDAwMDAwMH19",
          "dependencies": [
            "google_compute_network.vpc"
          ]
        }
      ]
    },
    {
      "mode": "managed",
      "type": "google_container_cluster",
      "name": "primary",
      "provider": "provider[\"registry.terraform.io/hashicorp/google\"]",
      "instances": [
        {
          "schema_version": 1,
          "attributes": {
            "addons_config": [
              {
                "cloudrun_config": [],
                "gcp_filestore_csi_driver_config": [],
                "horizontal_pod_autoscaling": [],
                "http_load_balancing": [],
                "network_policy_config": [
                  {
                    "disabled": true
                  }
                ]
              }
            ],
            "authenticator_groups_config": [],
            "cluster_autoscaling": [
              {
                "auto_provisioning_defaults": [],
                "enabled": false,
                "resource_limits": []
              }
            ],
            "cluster_ipv4_cidr": "10.180.0.0/14",
            "confidential_nodes": [],
            "database_encryption": [
              {
                "key_name": "",
                "state": "DECRYPTED"
              }
            ],
            "datapath_provider": "",
            "default_max_pods_per_node": null,
            "default_snat_status": [
              {
                "disabled": false
              }
            ],
            "description": "",
            "dns_config": [],
            "enable_autopilot": false,
            "enable_binary_authorization": false,
            "enable_intranode_visibility": false,
            "enable_kubernetes_alpha": false,
            "enable_legacy_abac": false,
            "enable_shielded_nodes": true,
            "enable_tpu": false,
            "endpoint": "34.93.54.93",
            "id": "projects/valentine-night/locations/asia-south1/clusters/valentine-night-gke",
            "initial_node_count": 1,
            "ip_allocation_policy": [],
            "label_fingerprint": "a9dc16a7",
            "location": "asia-south1",
            "logging_config": [
              {
                "enable_components": [
                  "SYSTEM_COMPONENTS",
                  "WORKLOADS"
                ]
              }
            ],
            "logging_service": "logging.googleapis.com/kubernetes",
            "maintenance_policy": [],
            "master_auth": [
              {
                "client_certificate": "",
                "client_certificate_config": [
                  {
                    "issue_client_certificate": false
                  }
                ],
                "client_key": "",
                "cluster_ca_certificate": "LS0tLS1CRUdJTiBDRVJUSUZJQ0FURS0tLS0tCk1JSUVMRENDQXBTZ0F3SUJBZ0lRQnR1dlRKU3d2NlM2bTRORnhHc2JhekFOQmdrcWhraUc5dzBCQVFzRkFEQXYKTVMwd0t3WURWUVFERXlRMVpERXpNVGswTkMweFl6WTJMVFJpTnpNdFlUTmpNQzFpWW1VMVltUmtNMkkyWWpFdwpJQmNOTWpNd01qRXpNRGcwTXpFM1doZ1BNakExTXpBeU1EVXdPVFF6TVRkYU1DOHhMVEFyQmdOVkJBTVRKRFZrCk1UTXhPVFEwTFRGak5qWXROR0kzTXkxaE0yTXdMV0ppWlRWaVpHUXpZalppTVRDQ0FhSXdEUVlKS29aSWh2Y04KQVFFQkJRQURnZ0dQQURDQ0FZb0NnZ0dCQU41WEhicGFpbnY3TW9DeUk5emxxK0lqa2NsVGVkUGtya1FQc3JrbAo4Z2VnaU16TWtmRG8waTlrblUwNlhjZUFQd2tjU0ZSREVMKytiYjhKeHdpdk9oRU9CMG5rRFN5dHo1Y0lBRkZ5Cjc1N1ZERHcycGhjcHhMd1lkRFE0UUVMMWFPd2t2ekltTHFtejdXTmM3MmM2c3ZweU1Edmo5ejhTK0grbFJzSDYKaFFMMy9GZUtTN2FleFJKVmJmNFJRTmpTVWNkN1BBQnZzeVVNT2pRVURTUG4rODVNbkxCQjY0TTFHY3NiYzRaaApMOER4TmxmNjJmNDBEMXB4WHpQWHZjRTlhNk4rMkgyTzgyVTY2TGpOemMyZWpFTmVWRkZwVng3aEd4Z3M1NzNQCmNsTzIrdlRTaUtHMmllWklSR21Kd2xJeDRPcVF6b0htU1Uya0RsS1lpQVF0UG82RTVTUEErWDFIc20xQlZHL1gKWXBlaE9Kdk91ZVc3UjRlLzZ2dVpsU251OTk4Q3pHU0tzOEZZdmpqd0xDRXNPQkFsUHNyTnJKdVV3LzVvSWdwNwp3VVRDQlVBdk9LZkpraktMYXlzWjFxbmV4L2xJUmpDMnhkNXFxQjZZTEtRcG1BT3JtMDNxc2NoMFp6eWtZdTFWCjROYjhmYVY4WnBDbUJTTUk2YSt3bmRyVlZ3SURBUUFCbzBJd1FEQU9CZ05WSFE4QkFmOEVCQU1DQWdRd0R3WUQKVlIwVEFRSC9CQVV3QXdFQi96QWRCZ05WSFE0RUZnUVVrUHp2cytOcWoyOEczTWtRdVZyWmtPQ3hZVG93RFFZSgpLb1pJaHZjTkFRRUxCUUFEZ2dHQkFCWUVUV3h1c1I5cFJzQ2ZrZ0xiSWtmbzJzTXNjUDF4Wm1BNDhxcVpoZ2VqCnd3QTB3THl6ZmU5TitvS2RZcG1FSkh2cHpteFVIOThGQW5DVFdTdGlTMTlqVGhnRTd5YnNLRVhXOERkSzB5M00KaXVUejJJWDlBYlgzQlliWkplWVdyMFVtdFBBaFR6VFNIN1crakN6djJaaUN2YUNOa0pQcEdsMHJLVUU2MXlkawoxSFNUMDlJVFVzQ3RNN3RSUHJTcUhxaHl3OGpHZ1pKemIwRnErQWhwMUkxYnpESWdxd1hvVzBjMEh5dkZpbmh4CkovcWFQVk93OHZQd04zQ2tWYmUrRTlFUXZxeHdLTmFLL3pOSElXL0NwVjI2eC9sWkNtNUtjc0ViMjViVmkrZXAKSjltNkhUWEo0cmJtNTNaRkY4dUZWcDhTNkhyZnBxcEk0dzIrK1IzVkNCNVF1a01SOUFuaVJ2UUg4SEwvYlVBNwpnZWN0OFRsM1pIUTFkTWZyTDdkaWJ0Skx1YnJFSUVWRm5TaUZkRjF6OWR6eC9ROUJoRXJXNXJtckpWZ2xveThVCmNMVHZ2K1JYZ0xtMTUyZHU0WjJiZ3paL3JJRDUwb01xVFR1SU9TWWg5aG5tZGVGWEhDaE92ek9KdWhqMklzYUkKUnhBTXladjlPd0orelRSNCtXTExqdz09Ci0tLS0tRU5EIENFUlRJRklDQVRFLS0tLS0K"
              }
            ],
            "master_authorized_networks_config": [],
            "master_version": "1.24.8-gke.2000",
            "min_master_version": null,
            "monitoring_config": [
              {
                "enable_components": [
                  "SYSTEM_COMPONENTS"
                ]
              }
            ],
            "monitoring_service": "monitoring.googleapis.com/kubernetes",
            "name": "valentine-night-gke",
            "network": "projects/valentine-night/global/networks/valentine-night-vpc",
            "network_policy": [
              {
                "enabled": false,
                "provider": "PROVIDER_UNSPECIFIED"
              }
            ],
            "networking_mode": "ROUTES",
            "node_config": [],
            "node_locations": [
              "asia-south1-a",
              "asia-south1-b",
              "asia-south1-c"
            ],
            "node_pool": [],
            "node_version": "1.24.8-gke.2000",
            "operation": null,
            "private_cluster_config": [
              {
                "enable_private_endpoint": false,
                "enable_private_nodes": false,
                "master_global_access_config": [
                  {
                    "enabled": false
                  }
                ],
                "master_ipv4_cidr_block": "",
                "peering_name": "",
                "private_endpoint": "10.10.0.2",
                "public_endpoint": "34.93.54.93"
              }
            ],
            "private_ipv6_google_access": "",
            "project": "valentine-night",
            "release_channel": [
              {
                "channel": "REGULAR"
              }
            ],
            "remove_default_node_pool": true,
            "resource_labels": null,
            "resource_usage_export_config": [],
            "self_link": "https://container.googleapis.com/v1/projects/valentine-night/locations/asia-south1/clusters/valentine-night-gke",
            "services_ipv4_cidr": "10.183.240.0/20",
            "subnetwork": "projects/valentine-night/regions/asia-south1/subnetworks/valentine-night-subnet",
            "timeouts": null,
            "tpu_ipv4_cidr_block": "",
            "vertical_pod_autoscaling": [],
            "workload_identity_config": []
          },
          "sensitive_attributes": [],
          "private": "eyJlMmJmYjczMC1lY2FhLTExZTYtOGY4OC0zNDM2M2JjN2M0YzAiOnsiY3JlYXRlIjoyNDAwMDAwMDAwMDAwLCJkZWxldGUiOjI0MDAwMDAwMDAwMDAsInJlYWQiOjI0MDAwMDAwMDAwMDAsInVwZGF0ZSI6MzYwMDAwMDAwMDAwMH0sInNjaGVtYV92ZXJzaW9uIjoiMSJ9",
          "dependencies": [
            "google_compute_network.vpc",
            "google_compute_subnetwork.subnet"
          ]
        }
      ]
    },
    {
      "mode": "managed",
      "type": "google_container_node_pool",
      "name": "primary_nodes",
      "provider": "provider[\"registry.terraform.io/hashicorp/google\"]",
      "instances": [
        {
          "status": "tainted",
          "schema_version": 1,
          "attributes": {
            "autoscaling": [],
            "cluster": "valentine-night-gke",
            "id": "projects/valentine-night/locations/asia-south1/clusters/valentine-night-gke/nodePools/valentine-night-gke",
            "initial_node_count": null,
            "instance_group_urls": null,
            "location": "asia-south1",
            "managed_instance_group_urls": null,
            "management": null,
            "max_pods_per_node": null,
            "name": "valentine-night-gke",
            "name_prefix": null,
            "node_config": [
              {
                "boot_disk_kms_key": "",
                "disk_size_gb": 0,
                "disk_type": "",
                "gcfs_config": [],
                "guest_accelerator": [],
                "gvnic": [],
                "image_type": "",
                "labels": {
                  "env": "valentine-night"
                },
                "local_ssd_count": 0,
                "machine_type": "n1-standard-1",
                "metadata": {
                  "disable-legacy-endpoints": "true"
                },
                "min_cpu_platform": "",
                "node_group": "",
                "oauth_scopes": [
                  "https://www.googleapis.com/auth/logging.write",
                  "https://www.googleapis.com/auth/monitoring"
                ],
                "preemptible": false,
                "service_account": "",
                "shielded_instance_config": [],
                "spot": false,
                "tags": [
                  "gke-node",
                  "valentine-night-gke"
                ],
                "taint": [],
                "workload_metadata_config": []
              }
            ],
            "node_count": 2,
            "node_locations": [],
            "operation": null,
            "project": null,
            "timeouts": null,
            "upgrade_settings": null,
            "version": null
          },
          "sensitive_attributes": [],
          "private": "eyJlMmJmYjczMC1lY2FhLTExZTYtOGY4OC0zNDM2M2JjN2M0YzAiOnsiY3JlYXRlIjoxODAwMDAwMDAwMDAwLCJkZWxldGUiOjE4MDAwMDAwMDAwMDAsInVwZGF0ZSI6MTgwMDAwMDAwMDAwMH0sInNjaGVtYV92ZXJzaW9uIjoiMSJ9",
          "dependencies": [
            "google_compute_network.vpc",
            "google_compute_subnetwork.subnet",
            "google_container_cluster.primary"
          ]
        }
      ]
    }
  ],
  "check_results": null
}
