{
  "version": 4,
  "terraform_version": "1.3.7",
  "serial": 65,
  "lineage": "3b0e3d8d-8677-e739-a670-e6908b9482b4",
  "outputs": {
    "kubernetes_cluster_host": {
      "value": "34.139.12.54",
      "type": "string"
    },
    "kubernetes_cluster_name": {
      "value": "gks-nowhere-gke",
      "type": "string"
    },
    "project_id": {
      "value": "gks-nowhere",
      "type": "string"
    },
    "region": {
      "value": "us-east1",
      "type": "string"
    }
  },
  "resources": [
    {
      "mode": "managed",
      "type": "google_compute_network",
      "name": "vpc",
      "provider": "provider[\"registry.terraform.io/hashicorp/google\"]",
      "instances": [
        {
          "schema_version": 0,
          "attributes": {
            "auto_create_subnetworks": false,
            "delete_default_routes_on_create": false,
            "description": "",
            "enable_ula_internal_ipv6": false,
            "gateway_ipv4": "",
            "id": "projects/gks-nowhere/global/networks/gks-nowhere-vpc",
            "internal_ipv6_range": "",
            "mtu": 0,
            "name": "gks-nowhere-vpc",
            "project": "gks-nowhere",
            "routing_mode": "REGIONAL",
            "self_link": "https://www.googleapis.com/compute/v1/projects/gks-nowhere/global/networks/gks-nowhere-vpc",
            "timeouts": null
          },
          "sensitive_attributes": [],
          "private": "eyJlMmJmYjczMC1lY2FhLTExZTYtOGY4OC0zNDM2M2JjN2M0YzAiOnsiY3JlYXRlIjoxMjAwMDAwMDAwMDAwLCJkZWxldGUiOjEyMDAwMDAwMDAwMDAsInVwZGF0ZSI6MTIwMDAwMDAwMDAwMH19"
        }
      ]
    },
    {
      "mode": "managed",
      "type": "google_compute_subnetwork",
      "name": "subnet",
      "provider": "provider[\"registry.terraform.io/hashicorp/google\"]",
      "instances": [
        {
          "schema_version": 0,
          "attributes": {
            "creation_timestamp": "2023-02-16T21:57:00.431-08:00",
            "description": "",
            "external_ipv6_prefix": "",
            "fingerprint": null,
            "gateway_address": "10.10.0.1",
            "id": "projects/gks-nowhere/regions/us-east1/subnetworks/gks-nowhere-subnet",
            "ip_cidr_range": "10.10.0.0/24",
            "ipv6_access_type": "",
            "ipv6_cidr_range": "",
            "log_config": [],
            "name": "gks-nowhere-subnet",
            "network": "https://www.googleapis.com/compute/v1/projects/gks-nowhere/global/networks/gks-nowhere-vpc",
            "private_ip_google_access": false,
            "private_ipv6_google_access": "DISABLE_GOOGLE_ACCESS",
            "project": "gks-nowhere",
            "purpose": "PRIVATE",
            "region": "us-east1",
            "role": "",
            "secondary_ip_range": [],
            "self_link": "https://www.googleapis.com/compute/v1/projects/gks-nowhere/regions/us-east1/subnetworks/gks-nowhere-subnet",
            "stack_type": "IPV4_ONLY",
            "timeouts": null
          },
          "sensitive_attributes": [],
          "private": "eyJlMmJmYjczMC1lY2FhLTExZTYtOGY4OC0zNDM2M2JjN2M0YzAiOnsiY3JlYXRlIjoxMjAwMDAwMDAwMDAwLCJkZWxldGUiOjEyMDAwMDAwMDAwMDAsInVwZGF0ZSI6MTIwMDAwMDAwMDAwMH19",
          "dependencies": [
            "google_compute_network.vpc"
          ]
        }
      ]
    },
    {
      "mode": "managed",
      "type": "google_container_cluster",
      "name": "primary",
      "provider": "provider[\"registry.terraform.io/hashicorp/google\"]",
      "instances": [
        {
          "schema_version": 1,
          "attributes": {
            "addons_config": [
              {
                "cloudrun_config": [],
                "gcp_filestore_csi_driver_config": [],
                "horizontal_pod_autoscaling": [],
                "http_load_balancing": [],
                "network_policy_config": [
                  {
                    "disabled": true
                  }
                ]
              }
            ],
            "authenticator_groups_config": [],
            "cluster_autoscaling": [
              {
                "auto_provisioning_defaults": [],
                "enabled": false,
                "resource_limits": []
              }
            ],
            "cluster_ipv4_cidr": "10.220.0.0/14",
            "confidential_nodes": [],
            "database_encryption": [
              {
                "key_name": "",
                "state": "DECRYPTED"
              }
            ],
            "datapath_provider": "",
            "default_max_pods_per_node": null,
            "default_snat_status": [
              {
                "disabled": false
              }
            ],
            "description": "",
            "dns_config": [],
            "enable_autopilot": false,
            "enable_binary_authorization": false,
            "enable_intranode_visibility": false,
            "enable_kubernetes_alpha": false,
            "enable_legacy_abac": false,
            "enable_shielded_nodes": true,
            "enable_tpu": false,
            "endpoint": "34.139.12.54",
            "id": "projects/gks-nowhere/locations/us-east1/clusters/gks-nowhere-gke",
            "initial_node_count": 1,
            "ip_allocation_policy": [],
            "label_fingerprint": "a9dc16a7",
            "location": "us-east1",
            "logging_config": [
              {
                "enable_components": [
                  "SYSTEM_COMPONENTS",
                  "WORKLOADS"
                ]
              }
            ],
            "logging_service": "logging.googleapis.com/kubernetes",
            "maintenance_policy": [],
            "master_auth": [
              {
                "client_certificate": "",
                "client_certificate_config": [
                  {
                    "issue_client_certificate": false
                  }
                ],
                "client_key": "",
                "cluster_ca_certificate": "LS0tLS1CRUdJTiBDRVJUSUZJQ0FURS0tLS0tCk1JSUVMRENDQXBTZ0F3SUJBZ0lRU0cyU2FoVkhuSTZQdmdKcXlFQllYekFOQmdrcWhraUc5dzBCQVFzRkFEQXYKTVMwd0t3WURWUVFERXlSbE1XTTFZVE5qTWkxa04yVXdMVFF3T0RBdE9UaGtNQzB5WmpjNE5tUXdabU5pWVRNdwpJQmNOTWpNd01qRTNNRFExTnpFMVdoZ1BNakExTXpBeU1Ea3dOVFUzTVRWYU1DOHhMVEFyQmdOVkJBTVRKR1V4Cll6VmhNMk15TFdRM1pUQXROREE0TUMwNU9HUXdMVEptTnpnMlpEQm1ZMkpoTXpDQ0FhSXdEUVlKS29aSWh2Y04KQVFFQkJRQURnZ0dQQURDQ0FZb0NnZ0dCQUx6TW5ncWIyMGltcU1YYUl4MXp5L0VpdnZMTVBVT1MwVlI0VHpQcQpjY0Y1ZzUwSXdwaEtqakFtTWJEa2J6Y0QyWnVBZUo4cWF6eGRsMGhpT0orNWZXRC9KQXVxcjYzZnB5RFAzalJmCmUrWlF6aEt0WVRqa1JSd2dYaHB0UW9qTGRzbGd2VDlRVGtULzd3bTU2ZENOSlo0Um1yZWQ5NTVLQ0NDeVFaTXkKYlVISXJVL3Y0UTZ1WUpjN1BGUGpTS2JnY1hwYlNGQTcxZHBUVlRvUk03N2o2bXlYV2l6ZWlJRmxwZUdmOXJUNQp2KzFhSlU5WnBUdTVaaTBNYUNWc3NRcDdNd1BrVmtBZUtiVHdsMDZXWnZETTRjNUt3S291bDlXZGpKcnJTUENICnNWNFVVTFo2MGVZVXRvQzRHaEZvQWVTZ1NQdlhFRDE4cFFiNktzNG1WREJHbkxnMmRRc1FxNTlTWis5Q21ZeHcKN05RaUNwMXRQUkU1WE10Z0ZmVTBBUVhjeFBJOC9CQ2hQMndxVlM3V2pDcWZQRnBOU3NQVCtVV0tQcUJEOFBHcApkYU1FRHN3OE5lUFhzMEFwSnRocitCb0RXQUJ3SjluVEJxd05kc3R5TnlXdjUwTWN4endNNDZzZEJSV1RmdXllCjh5SXZCOUhaSW1zVDJiQzFybkxGWnhIdGpRSURBUUFCbzBJd1FEQU9CZ05WSFE4QkFmOEVCQU1DQWdRd0R3WUQKVlIwVEFRSC9CQVV3QXdFQi96QWRCZ05WSFE0RUZnUVV4NUdmN2Zkbk5Wb0hsMDB6NkJTcDVMV0VvbE13RFFZSgpLb1pJaHZjTkFRRUxCUUFEZ2dHQkFLUmtiUjIrQTgvczJOTGJCU2EvelR1eHZaVGlJamlzRXdWdTVzdkkrbE5YCktoTHhBMVlVcFkyZlR2YUxyekZvYTJ5d3pSb2p1akJSbmU1UmtwREhoR1Nwd3ZKaHFNUjhxQTdvV0QrUFVTclIKc2RobVJScDdYQUl5TDNJL0l6YnNKS0hJV1czM3RRQ0doUjRzNVdtRWRBRndBVGdvVVcxK2VLaUpiOUJTbVVYawp0SU12ZkFUVHNWN2hJNVBCdHl6cmlCL0RudzcyQlMrSlpKOW9nQTFGM2tPSHlvZkVUbnVYTWI4a04yR0VNUnBRCkNxMDRjWjF6dlluYXZEdmJxZlFabncrUTdMQ0RjdG1PUUJ3U2NlWEpHZy9wNjlvVEx1NFdJaDhEZVA4Y1VPamkKTkkxbkd2aXpvdDZNYngyNjVuMCt1NUE2Rm14U2d1d2hqcmdPMUprUXpUYzd4WWJCZDMvSVR2eTFDdktycnA3awpNYy9KZEpCNlRRQWRwUFpGUzhKWFhybmVxemhPelF2UUpLekZHa0JSRDhxZ1huUjFpVjdGOUpFUDNKZ2JCOW9FCk1DelZTeWhGbWg4bjdUaXBwZnBTcysxcmRFMk1ScGpob0JGRWJLVGhnYzBUZ2VtV0tmeStOTk1uOW9idTFRQUEKTTJkWDNzTWFWWkw0dkdiNTJOb2Rjdz09Ci0tLS0tRU5EIENFUlRJRklDQVRFLS0tLS0K"
              }
            ],
            "master_authorized_networks_config": [],
            "master_version": "1.24.9-gke.2000",
            "min_master_version": null,
            "monitoring_config": [
              {
                "enable_components": [
                  "SYSTEM_COMPONENTS"
                ]
              }
            ],
            "monitoring_service": "monitoring.googleapis.com/kubernetes",
            "name": "gks-nowhere-gke",
            "network": "projects/gks-nowhere/global/networks/gks-nowhere-vpc",
            "network_policy": [
              {
                "enabled": false,
                "provider": "PROVIDER_UNSPECIFIED"
              }
            ],
            "networking_mode": "ROUTES",
            "node_config": [],
            "node_locations": [
              "us-east1-b",
              "us-east1-c",
              "us-east1-d"
            ],
            "node_pool": [],
            "node_version": "1.24.9-gke.2000",
            "operation": null,
            "private_cluster_config": [
              {
                "enable_private_endpoint": false,
                "enable_private_nodes": false,
                "master_global_access_config": [
                  {
                    "enabled": false
                  }
                ],
                "master_ipv4_cidr_block": "",
                "peering_name": "",
                "private_endpoint": "10.10.0.2",
                "public_endpoint": "34.139.12.54"
              }
            ],
            "private_ipv6_google_access": "",
            "project": "gks-nowhere",
            "release_channel": [
              {
                "channel": "REGULAR"
              }
            ],
            "remove_default_node_pool": true,
            "resource_labels": null,
            "resource_usage_export_config": [],
            "self_link": "https://container.googleapis.com/v1/projects/gks-nowhere/locations/us-east1/clusters/gks-nowhere-gke",
            "services_ipv4_cidr": "10.223.240.0/20",
            "subnetwork": "projects/gks-nowhere/regions/us-east1/subnetworks/gks-nowhere-subnet",
            "timeouts": null,
            "tpu_ipv4_cidr_block": "",
            "vertical_pod_autoscaling": [],
            "workload_identity_config": []
          },
          "sensitive_attributes": [],
          "private": "eyJlMmJmYjczMC1lY2FhLTExZTYtOGY4OC0zNDM2M2JjN2M0YzAiOnsiY3JlYXRlIjoyNDAwMDAwMDAwMDAwLCJkZWxldGUiOjI0MDAwMDAwMDAwMDAsInJlYWQiOjI0MDAwMDAwMDAwMDAsInVwZGF0ZSI6MzYwMDAwMDAwMDAwMH0sInNjaGVtYV92ZXJzaW9uIjoiMSJ9",
          "dependencies": [
            "google_compute_network.vpc",
            "google_compute_subnetwork.subnet"
          ]
        }
      ]
    },
    {
      "mode": "managed",
      "type": "google_container_node_pool",
      "name": "primary_nodes",
      "provider": "provider[\"registry.terraform.io/hashicorp/google\"]",
      "instances": [
        {
          "schema_version": 1,
          "attributes": {
            "autoscaling": [],
            "cluster": "gks-nowhere-gke",
            "id": "projects/gks-nowhere/locations/us-east1/clusters/gks-nowhere-gke/nodePools/gks-nowhere-gke",
            "initial_node_count": 1,
            "instance_group_urls": [
              "https://www.googleapis.com/compute/v1/projects/gks-nowhere/zones/us-east1-c/instanceGroupManagers/gke-gks-nowhere-gke-gks-nowhere-gke-d654c491-grp",
              "https://www.googleapis.com/compute/v1/projects/gks-nowhere/zones/us-east1-d/instanceGroupManagers/gke-gks-nowhere-gke-gks-nowhere-gke-6eba5cfd-grp",
              "https://www.googleapis.com/compute/v1/projects/gks-nowhere/zones/us-east1-b/instanceGroupManagers/gke-gks-nowhere-gke-gks-nowhere-gke-ce13b02b-grp"
            ],
            "location": "us-east1",
            "managed_instance_group_urls": [
              "https://www.googleapis.com/compute/v1/projects/gks-nowhere/zones/us-east1-c/instanceGroups/gke-gks-nowhere-gke-gks-nowhere-gke-d654c491-grp",
              "https://www.googleapis.com/compute/v1/projects/gks-nowhere/zones/us-east1-d/instanceGroups/gke-gks-nowhere-gke-gks-nowhere-gke-6eba5cfd-grp",
              "https://www.googleapis.com/compute/v1/projects/gks-nowhere/zones/us-east1-b/instanceGroups/gke-gks-nowhere-gke-gks-nowhere-gke-ce13b02b-grp"
            ],
            "management": [
              {
                "auto_repair": true,
                "auto_upgrade": true
              }
            ],
            "max_pods_per_node": null,
            "name": "gks-nowhere-gke",
            "name_prefix": "",
            "node_config": [
              {
                "boot_disk_kms_key": "",
                "disk_size_gb": 100,
                "disk_type": "pd-balanced",
                "gcfs_config": [],
                "guest_accelerator": [],
                "gvnic": [],
                "image_type": "COS_CONTAINERD",
                "labels": {
                  "env": "gks-nowhere"
                },
                "local_ssd_count": 0,
                "machine_type": "e2-small",
                "metadata": {
                  "disable-legacy-endpoints": "true"
                },
                "min_cpu_platform": "",
                "node_group": "",
                "oauth_scopes": [
                  "https://www.googleapis.com/auth/logging.write",
                  "https://www.googleapis.com/auth/monitoring"
                ],
                "preemptible": false,
                "service_account": "default",
                "shielded_instance_config": [
                  {
                    "enable_integrity_monitoring": true,
                    "enable_secure_boot": false
                  }
                ],
                "spot": false,
                "tags": [
                  "gke-node",
                  "gks-nowhere-gke"
                ],
                "taint": [],
                "workload_metadata_config": []
              }
            ],
            "node_count": 1,
            "node_locations": [
              "us-east1-b",
              "us-east1-c",
              "us-east1-d"
            ],
            "operation": null,
            "project": "gks-nowhere",
            "timeouts": null,
            "upgrade_settings": [
              {
                "max_surge": 1,
                "max_unavailable": 0
              }
            ],
            "version": "1.24.9-gke.2000"
          },
          "sensitive_attributes": [],
          "private": "eyJlMmJmYjczMC1lY2FhLTExZTYtOGY4OC0zNDM2M2JjN2M0YzAiOnsiY3JlYXRlIjoxODAwMDAwMDAwMDAwLCJkZWxldGUiOjE4MDAwMDAwMDAwMDAsInVwZGF0ZSI6MTgwMDAwMDAwMDAwMH0sInNjaGVtYV92ZXJzaW9uIjoiMSJ9",
          "dependencies": [
            "google_compute_network.vpc",
            "google_compute_subnetwork.subnet",
            "google_container_cluster.primary"
          ]
        }
      ]
    }
  ],
  "check_results": null
}
