{
  "version": 4,
  "terraform_version": "1.3.7",
  "serial": 112,
  "lineage": "3b0e3d8d-8677-e739-a670-e6908b9482b4",
  "outputs": {
    "kubernetes_cluster_host": {
      "value": "34.75.94.230",
      "type": "string"
    },
    "kubernetes_cluster_name": {
      "value": "gks-nowhere-gke",
      "type": "string"
    },
    "project_id": {
      "value": "gks-nowhere",
      "type": "string"
    },
    "region": {
      "value": "us-east1",
      "type": "string"
    }
  },
  "resources": [
    {
      "mode": "managed",
      "type": "google_compute_network",
      "name": "vpc",
      "provider": "provider[\"registry.terraform.io/hashicorp/google\"]",
      "instances": [
        {
          "schema_version": 0,
          "attributes": {
            "auto_create_subnetworks": false,
            "delete_default_routes_on_create": false,
            "description": "",
            "enable_ula_internal_ipv6": false,
            "gateway_ipv4": "",
            "id": "projects/gks-nowhere/global/networks/gks-nowhere-vpc",
            "internal_ipv6_range": "",
            "mtu": 0,
            "name": "gks-nowhere-vpc",
            "project": "gks-nowhere",
            "routing_mode": "REGIONAL",
            "self_link": "https://www.googleapis.com/compute/v1/projects/gks-nowhere/global/networks/gks-nowhere-vpc",
            "timeouts": null
          },
          "sensitive_attributes": [],
          "private": "eyJlMmJmYjczMC1lY2FhLTExZTYtOGY4OC0zNDM2M2JjN2M0YzAiOnsiY3JlYXRlIjoxMjAwMDAwMDAwMDAwLCJkZWxldGUiOjEyMDAwMDAwMDAwMDAsInVwZGF0ZSI6MTIwMDAwMDAwMDAwMH19"
        }
      ]
    },
    {
      "mode": "managed",
      "type": "google_compute_subnetwork",
      "name": "subnet",
      "provider": "provider[\"registry.terraform.io/hashicorp/google\"]",
      "instances": [
        {
          "schema_version": 0,
          "attributes": {
            "creation_timestamp": "2023-02-22T23:43:01.331-08:00",
            "description": "",
            "external_ipv6_prefix": "",
            "fingerprint": null,
            "gateway_address": "10.10.0.1",
            "id": "projects/gks-nowhere/regions/us-east1/subnetworks/gks-nowhere-subnet",
            "ip_cidr_range": "10.10.0.0/24",
            "ipv6_access_type": "",
            "ipv6_cidr_range": "",
            "log_config": [],
            "name": "gks-nowhere-subnet",
            "network": "https://www.googleapis.com/compute/v1/projects/gks-nowhere/global/networks/gks-nowhere-vpc",
            "private_ip_google_access": false,
            "private_ipv6_google_access": "DISABLE_GOOGLE_ACCESS",
            "project": "gks-nowhere",
            "purpose": "PRIVATE",
            "region": "us-east1",
            "role": "",
            "secondary_ip_range": [],
            "self_link": "https://www.googleapis.com/compute/v1/projects/gks-nowhere/regions/us-east1/subnetworks/gks-nowhere-subnet",
            "stack_type": "IPV4_ONLY",
            "timeouts": null
          },
          "sensitive_attributes": [],
          "private": "eyJlMmJmYjczMC1lY2FhLTExZTYtOGY4OC0zNDM2M2JjN2M0YzAiOnsiY3JlYXRlIjoxMjAwMDAwMDAwMDAwLCJkZWxldGUiOjEyMDAwMDAwMDAwMDAsInVwZGF0ZSI6MTIwMDAwMDAwMDAwMH19",
          "dependencies": [
            "google_compute_network.vpc"
          ]
        }
      ]
    },
    {
      "mode": "managed",
      "type": "google_container_cluster",
      "name": "primary",
      "provider": "provider[\"registry.terraform.io/hashicorp/google\"]",
      "instances": [
        {
          "schema_version": 1,
          "attributes": {
            "addons_config": [
              {
                "cloudrun_config": [],
                "gcp_filestore_csi_driver_config": [],
                "horizontal_pod_autoscaling": [],
                "http_load_balancing": [],
                "network_policy_config": [
                  {
                    "disabled": true
                  }
                ]
              }
            ],
            "authenticator_groups_config": [],
            "cluster_autoscaling": [
              {
                "auto_provisioning_defaults": [],
                "enabled": false,
                "resource_limits": []
              }
            ],
            "cluster_ipv4_cidr": "10.220.0.0/14",
            "confidential_nodes": [],
            "database_encryption": [
              {
                "key_name": "",
                "state": "DECRYPTED"
              }
            ],
            "datapath_provider": "",
            "default_max_pods_per_node": null,
            "default_snat_status": [
              {
                "disabled": false
              }
            ],
            "description": "",
            "dns_config": [],
            "enable_autopilot": false,
            "enable_binary_authorization": false,
            "enable_intranode_visibility": false,
            "enable_kubernetes_alpha": false,
            "enable_legacy_abac": false,
            "enable_shielded_nodes": true,
            "enable_tpu": false,
            "endpoint": "34.75.94.230",
            "id": "projects/gks-nowhere/locations/us-east1/clusters/gks-nowhere-gke",
            "initial_node_count": 2,
            "ip_allocation_policy": [],
            "label_fingerprint": "a9dc16a7",
            "location": "us-east1",
            "logging_config": [
              {
                "enable_components": [
                  "SYSTEM_COMPONENTS",
                  "WORKLOADS"
                ]
              }
            ],
            "logging_service": "logging.googleapis.com/kubernetes",
            "maintenance_policy": [],
            "master_auth": [
              {
                "client_certificate": "",
                "client_certificate_config": [
                  {
                    "issue_client_certificate": false
                  }
                ],
                "client_key": "",
                "cluster_ca_certificate": "LS0tLS1CRUdJTiBDRVJUSUZJQ0FURS0tLS0tCk1JSUVMVENDQXBXZ0F3SUJBZ0lSQUtUQ2pxeHZYdXlRb1BPTDlUdFhuNmt3RFFZSktvWklodmNOQVFFTEJRQXcKTHpFdE1Dc0dBMVVFQXhNa1pEUTJPV1F5WmpndFl6UTNZUzAwTkRKakxXSTBNMlF0T0ROaE5tTXhPVEF3TmpreQpNQ0FYRFRJek1ESXlNekEyTkRNeE5Wb1lEekl3TlRNd01qRTFNRGMwTXpFMVdqQXZNUzB3S3dZRFZRUURFeVJrCk5EWTVaREptT0Mxak5EZGhMVFEwTW1NdFlqUXpaQzA0TTJFMll6RTVNREEyT1RJd2dnR2lNQTBHQ1NxR1NJYjMKRFFFQkFRVUFBNElCandBd2dnR0tBb0lCZ1FDbUFlWEJMK2NLN0RvTXJyZkFlZVNqN0doOExMcG85R2pPMFFpTApGUzMyZ2U3eDQ5REt3K0lnU1NPdktnT2hXYTZySFMrL0o3cXJVTzRwcjh4ZEFhTTFyYmFOTHdIVzVwclJ3a2Z5CjVQOEs2cGdGOFcxNkdsc1A0WkhDN3VSb3MwOXVmUm9OSDJob2o5UzdkL1ZYWVRoaS9tamc3VXFPWmVtU0dtSXIKclB1M200c1BBbHZYV05oQkU0aHQrQXc4c3UxbGt1Mjk4LzBVN0ZGenFxdGMzQm51THpxSjZydVBBbytVZGFzZQpsU1k3ekhMK0JqczFraXYxS0xiNC9YSUFLbURvWkdXYmE3emdIcmZpSDJDWXNrMGk5ZFppREw3VStBSjNkVWVQCm4rNGpOWWd0TjJlWkh3TWREVUFBRHRWeUdGcnBWdysxajQ3RGI1clpta3J4ZWZTNHdRSTRjK05wYWZNaHN5NkcKeFVMUytybFVac0QxN0VrNU1Fcng0a3pPOTd2VzlKbGpTL3BCZmp4S29zUmJEL0dYUGJLZmI0cm1OOUZCSUZESwpIZFU1Q2VFQ1ZBZnZIcW9QOHBHazZSTmFDdWJhYS92OFZMYkNVTDZ1Q054K2lUQ1F3UDdLVEZNeGp4WTNyRDc4CjdQTEYzWkl5Sjdvczl6VUdTR0JZTlgzcTFIVUNBd0VBQWFOQ01FQXdEZ1lEVlIwUEFRSC9CQVFEQWdJRU1BOEcKQTFVZEV3RUIvd1FGTUFNQkFmOHdIUVlEVlIwT0JCWUVGRFdVRzVsNXg5QVdmNEppK0xrbllxMUNXb1k0TUEwRwpDU3FHU0liM0RRRUJDd1VBQTRJQmdRQmpreW9vcVRNU3ZEU3k1WHN3eGxyOG42elpOaER0QndBZGRpZVdYTUZxCjlzUWRNOXZDVG9WL1BTRmJHSE9MTy91aVJEVUtrVFZaYjIxb294aFRjOU82S055SU12dXUyNzBwMlk5QXFzM3kKZkdzQjZRclZ4dXBpK244SWthdzJDdFQvRSsyTzlLOWhZMzlmcTJta1NCU0JKdVUzVXp5Q0lqWDljV3l0NkFuMwpOdTdLYVFJL25QVjNMSFdQSFVEVDdCb0ZselZQdytWR01YUGlYY3pjcUl6bWh1N1lab2lpSU5lK1pzUjlnVmNMCkZjWlZWTjU5MC9kYjZRcFplakxvMW0zNWE1aVpsQ25FQ05ObHF2ODAveDhaYnVKV3gyd1FpTWtkdFNlTFFnM2EKTWRpLzczWTFicVB1bks4ck02ZnlUYWY3S0dZUkNUM0ZDUTVHUm5LSWVTTmVnbllFTE01MXRISFZHUW1Ibm1ldAo4SXU3bklnZ0lTQjllbTZZZkppVGtmSEdsNFhIN3BrSWlrWitqQnQ5RkNCZkpBaENQeDRlSGtNbDRjS0NUdFg3CmJZTFQvbnlRTVVsMlBackZsWTBSUWdpUTJHZUpvTSt6bFI1VTJqZERHS0xETDNOdTlHS08zK1oxSVQwR1A4cXYKUk9NWFlUenErU1RuSUZsSkptR1VXaXM9Ci0tLS0tRU5EIENFUlRJRklDQVRFLS0tLS0K"
              }
            ],
            "master_authorized_networks_config": [],
            "master_version": "1.24.9-gke.2000",
            "min_master_version": null,
            "monitoring_config": [
              {
                "enable_components": [
                  "SYSTEM_COMPONENTS"
                ]
              }
            ],
            "monitoring_service": "monitoring.googleapis.com/kubernetes",
            "name": "gks-nowhere-gke",
            "network": "projects/gks-nowhere/global/networks/gks-nowhere-vpc",
            "network_policy": [
              {
                "enabled": false,
                "provider": "PROVIDER_UNSPECIFIED"
              }
            ],
            "networking_mode": "ROUTES",
            "node_config": [],
            "node_locations": [
              "us-east1-b",
              "us-east1-c"
            ],
            "node_pool": [],
            "node_version": "1.24.9-gke.2000",
            "operation": null,
            "private_cluster_config": [
              {
                "enable_private_endpoint": false,
                "enable_private_nodes": false,
                "master_global_access_config": [
                  {
                    "enabled": false
                  }
                ],
                "master_ipv4_cidr_block": "",
                "peering_name": "",
                "private_endpoint": "10.10.0.2",
                "public_endpoint": "34.75.94.230"
              }
            ],
            "private_ipv6_google_access": "",
            "project": "gks-nowhere",
            "release_channel": [
              {
                "channel": "REGULAR"
              }
            ],
            "remove_default_node_pool": true,
            "resource_labels": null,
            "resource_usage_export_config": [],
            "self_link": "https://container.googleapis.com/v1/projects/gks-nowhere/locations/us-east1/clusters/gks-nowhere-gke",
            "services_ipv4_cidr": "10.223.240.0/20",
            "subnetwork": "projects/gks-nowhere/regions/us-east1/subnetworks/gks-nowhere-subnet",
            "timeouts": null,
            "tpu_ipv4_cidr_block": "",
            "vertical_pod_autoscaling": [],
            "workload_identity_config": []
          },
          "sensitive_attributes": [],
          "private": "eyJlMmJmYjczMC1lY2FhLTExZTYtOGY4OC0zNDM2M2JjN2M0YzAiOnsiY3JlYXRlIjoyNDAwMDAwMDAwMDAwLCJkZWxldGUiOjI0MDAwMDAwMDAwMDAsInJlYWQiOjI0MDAwMDAwMDAwMDAsInVwZGF0ZSI6MzYwMDAwMDAwMDAwMH0sInNjaGVtYV92ZXJzaW9uIjoiMSJ9",
          "dependencies": [
            "google_compute_network.vpc",
            "google_compute_subnetwork.subnet"
          ]
        }
      ]
    },
    {
      "mode": "managed",
      "type": "google_container_node_pool",
      "name": "primary_nodes",
      "provider": "provider[\"registry.terraform.io/hashicorp/google\"]",
      "instances": [
        {
          "schema_version": 1,
          "attributes": {
            "autoscaling": [],
            "cluster": "gks-nowhere-gke",
            "id": "projects/gks-nowhere/locations/us-east1/clusters/gks-nowhere-gke/nodePools/gks-nowhere-gke",
            "initial_node_count": 2,
            "instance_group_urls": [
              "https://www.googleapis.com/compute/v1/projects/gks-nowhere/zones/us-east1-b/instanceGroupManagers/gke-gks-nowhere-gke-gks-nowhere-gke-9d5d67ba-grp",
              "https://www.googleapis.com/compute/v1/projects/gks-nowhere/zones/us-east1-c/instanceGroupManagers/gke-gks-nowhere-gke-gks-nowhere-gke-0711aa28-grp"
            ],
            "location": "us-east1",
            "managed_instance_group_urls": [
              "https://www.googleapis.com/compute/v1/projects/gks-nowhere/zones/us-east1-b/instanceGroups/gke-gks-nowhere-gke-gks-nowhere-gke-9d5d67ba-grp",
              "https://www.googleapis.com/compute/v1/projects/gks-nowhere/zones/us-east1-c/instanceGroups/gke-gks-nowhere-gke-gks-nowhere-gke-0711aa28-grp"
            ],
            "management": [
              {
                "auto_repair": true,
                "auto_upgrade": true
              }
            ],
            "max_pods_per_node": null,
            "name": "gks-nowhere-gke",
            "name_prefix": "",
            "node_config": [
              {
                "boot_disk_kms_key": "",
                "disk_size_gb": 100,
                "disk_type": "pd-balanced",
                "gcfs_config": [],
                "guest_accelerator": [],
                "gvnic": [],
                "image_type": "COS_CONTAINERD",
                "labels": {
                  "env": "gks-nowhere"
                },
                "local_ssd_count": 0,
                "machine_type": "e2-small",
                "metadata": {
                  "disable-legacy-endpoints": "true"
                },
                "min_cpu_platform": "",
                "node_group": "",
                "oauth_scopes": [
                  "https://www.googleapis.com/auth/logging.write",
                  "https://www.googleapis.com/auth/monitoring"
                ],
                "preemptible": false,
                "service_account": "default",
                "shielded_instance_config": [
                  {
                    "enable_integrity_monitoring": true,
                    "enable_secure_boot": false
                  }
                ],
                "spot": false,
                "tags": [
                  "gke-node",
                  "gks-nowhere-gke"
                ],
                "taint": [],
                "workload_metadata_config": []
              }
            ],
            "node_count": 2,
            "node_locations": [
              "us-east1-b",
              "us-east1-c"
            ],
            "operation": null,
            "project": "gks-nowhere",
            "timeouts": null,
            "upgrade_settings": [
              {
                "max_surge": 1,
                "max_unavailable": 0
              }
            ],
            "version": "1.24.9-gke.2000"
          },
          "sensitive_attributes": [],
          "private": "eyJlMmJmYjczMC1lY2FhLTExZTYtOGY4OC0zNDM2M2JjN2M0YzAiOnsiY3JlYXRlIjoxODAwMDAwMDAwMDAwLCJkZWxldGUiOjE4MDAwMDAwMDAwMDAsInVwZGF0ZSI6MTgwMDAwMDAwMDAwMH0sInNjaGVtYV92ZXJzaW9uIjoiMSJ9",
          "dependencies": [
            "google_compute_network.vpc",
            "google_compute_subnetwork.subnet",
            "google_container_cluster.primary"
          ]
        }
      ]
    }
  ],
  "check_results": null
}
