{
  "version": 4,
  "terraform_version": "1.3.7",
  "serial": 37,
  "lineage": "3b0e3d8d-8677-e739-a670-e6908b9482b4",
  "outputs": {
    "kubernetes_cluster_host": {
      "value": "35.227.37.248",
      "type": "string"
    },
    "kubernetes_cluster_name": {
      "value": "gks-nowhere-gke",
      "type": "string"
    },
    "project_id": {
      "value": "gks-nowhere",
      "type": "string"
    },
    "region": {
      "value": "us-east1",
      "type": "string"
    }
  },
  "resources": [
    {
      "mode": "managed",
      "type": "google_compute_network",
      "name": "vpc",
      "provider": "provider[\"registry.terraform.io/hashicorp/google\"]",
      "instances": [
        {
          "schema_version": 0,
          "attributes": {
            "auto_create_subnetworks": false,
            "delete_default_routes_on_create": false,
            "description": "",
            "enable_ula_internal_ipv6": false,
            "gateway_ipv4": "",
            "id": "projects/gks-nowhere/global/networks/gks-nowhere-vpc",
            "internal_ipv6_range": "",
            "mtu": 0,
            "name": "gks-nowhere-vpc",
            "project": "gks-nowhere",
            "routing_mode": "REGIONAL",
            "self_link": "https://www.googleapis.com/compute/v1/projects/gks-nowhere/global/networks/gks-nowhere-vpc",
            "timeouts": null
          },
          "sensitive_attributes": [],
          "private": "eyJlMmJmYjczMC1lY2FhLTExZTYtOGY4OC0zNDM2M2JjN2M0YzAiOnsiY3JlYXRlIjoxMjAwMDAwMDAwMDAwLCJkZWxldGUiOjEyMDAwMDAwMDAwMDAsInVwZGF0ZSI6MTIwMDAwMDAwMDAwMH19"
        }
      ]
    },
    {
      "mode": "managed",
      "type": "google_compute_subnetwork",
      "name": "subnet",
      "provider": "provider[\"registry.terraform.io/hashicorp/google\"]",
      "instances": [
        {
          "schema_version": 0,
          "attributes": {
            "creation_timestamp": "2023-02-13T07:08:47.333-08:00",
            "description": "",
            "external_ipv6_prefix": "",
            "fingerprint": null,
            "gateway_address": "10.10.0.1",
            "id": "projects/gks-nowhere/regions/us-east1/subnetworks/gks-nowhere-subnet",
            "ip_cidr_range": "10.10.0.0/24",
            "ipv6_access_type": "",
            "ipv6_cidr_range": "",
            "log_config": [],
            "name": "gks-nowhere-subnet",
            "network": "https://www.googleapis.com/compute/v1/projects/gks-nowhere/global/networks/gks-nowhere-vpc",
            "private_ip_google_access": false,
            "private_ipv6_google_access": "DISABLE_GOOGLE_ACCESS",
            "project": "gks-nowhere",
            "purpose": "PRIVATE",
            "region": "us-east1",
            "role": "",
            "secondary_ip_range": [],
            "self_link": "https://www.googleapis.com/compute/v1/projects/gks-nowhere/regions/us-east1/subnetworks/gks-nowhere-subnet",
            "stack_type": "IPV4_ONLY",
            "timeouts": null
          },
          "sensitive_attributes": [],
          "private": "eyJlMmJmYjczMC1lY2FhLTExZTYtOGY4OC0zNDM2M2JjN2M0YzAiOnsiY3JlYXRlIjoxMjAwMDAwMDAwMDAwLCJkZWxldGUiOjEyMDAwMDAwMDAwMDAsInVwZGF0ZSI6MTIwMDAwMDAwMDAwMH19",
          "dependencies": [
            "google_compute_network.vpc"
          ]
        }
      ]
    },
    {
      "mode": "managed",
      "type": "google_container_cluster",
      "name": "primary",
      "provider": "provider[\"registry.terraform.io/hashicorp/google\"]",
      "instances": [
        {
          "schema_version": 1,
          "attributes": {
            "addons_config": [
              {
                "cloudrun_config": [],
                "gcp_filestore_csi_driver_config": [],
                "horizontal_pod_autoscaling": [],
                "http_load_balancing": [],
                "network_policy_config": [
                  {
                    "disabled": true
                  }
                ]
              }
            ],
            "authenticator_groups_config": [],
            "cluster_autoscaling": [
              {
                "auto_provisioning_defaults": [],
                "enabled": false,
                "resource_limits": []
              }
            ],
            "cluster_ipv4_cidr": "10.220.0.0/14",
            "confidential_nodes": [],
            "database_encryption": [
              {
                "key_name": "",
                "state": "DECRYPTED"
              }
            ],
            "datapath_provider": "",
            "default_max_pods_per_node": null,
            "default_snat_status": [
              {
                "disabled": false
              }
            ],
            "description": "",
            "dns_config": [],
            "enable_autopilot": false,
            "enable_binary_authorization": false,
            "enable_intranode_visibility": false,
            "enable_kubernetes_alpha": false,
            "enable_legacy_abac": false,
            "enable_shielded_nodes": true,
            "enable_tpu": false,
            "endpoint": "35.227.37.248",
            "id": "projects/gks-nowhere/locations/us-east1/clusters/gks-nowhere-gke",
            "initial_node_count": 1,
            "ip_allocation_policy": [],
            "label_fingerprint": "a9dc16a7",
            "location": "us-east1",
            "logging_config": [
              {
                "enable_components": [
                  "SYSTEM_COMPONENTS",
                  "WORKLOADS"
                ]
              }
            ],
            "logging_service": "logging.googleapis.com/kubernetes",
            "maintenance_policy": [],
            "master_auth": [
              {
                "client_certificate": "",
                "client_certificate_config": [
                  {
                    "issue_client_certificate": false
                  }
                ],
                "client_key": "",
                "cluster_ca_certificate": "LS0tLS1CRUdJTiBDRVJUSUZJQ0FURS0tLS0tCk1JSUVMVENDQXBXZ0F3SUJBZ0lSQU1qVXRXeGw3ZjZkUlFFVG5sdG1Eand3RFFZSktvWklodmNOQVFFTEJRQXcKTHpFdE1Dc0dBMVVFQXhNa09UZGlObUpqT1dRdFpEZGhNaTAwTVRsaExXRTVaV010TURsaFpHVmpPV1kyTVdSawpNQ0FYRFRJek1ESXhNekUwTURrd01sb1lEekl3TlRNd01qQTFNVFV3T1RBeVdqQXZNUzB3S3dZRFZRUURFeVE1Ck4ySTJZbU01WkMxa04yRXlMVFF4T1dFdFlUbGxZeTB3T1dGa1pXTTVaall4WkdRd2dnR2lNQTBHQ1NxR1NJYjMKRFFFQkFRVUFBNElCandBd2dnR0tBb0lCZ1FDZnU2My80S2JhU1pyUnZ3WlVOQlR0V0pzUVZsZS9qaVRUYmJqNQorc3h0MXRCaGhUMHVVblE5VjRXbG1zN0c3L2JNWjZnQ1h6WDFmd2RqOW8zdjFvTFp4RStEMTdDVXNJVkt4b3U3CkRIZXl1akJWMkkvTk93aXErRU1FMStoNEduWVRVYVcxdFdrY0hMSHhTQ3Zwdm0xQkM1aytwdnh0bmw2YlBybDYKazduNE9IV2VqY3ExMjdXWlVYdGRaTTA3YXBvQzlFOCs2QVA5WDIxVFZTM1Mrc1NMbW1YUUh4RGdNZklGQW1ZMwp0bTNBaFFVY21ldTdva0Q1Q1AxSWVJSEY4WlhyT0QxSnl1ekZRUWdjUHoxWnNyK3RVcjNlLzBTR2tjdStGdkg0CmRab1JCWjV1RjlsbXZyODRsQ3ppUjVtUEMrQ3JObEkycE9PNmhLTStSYXZNblAzZTBEYkJiZHJSYmZsVzRhQTQKdnB1YkJ4UDdGQWRjaUN2UzNpZUM4YXFCTW9mVTI3WlVlZ2V3QmxjOXYwVTY1RnU1QUFBc3dwMWV1YUhLQW5WKwpHbSthOUMraHk0enZGbTBZcjZsakhGYTdKZlN3MFJIMS9ZNGpSTVBkMGdGc1pxMlppeG9pMlFTR1RvTU5UVWlnCjVaeXU5Y1Z5ckJSd0pMRjc3OE5NdnYxYlROMENBd0VBQWFOQ01FQXdEZ1lEVlIwUEFRSC9CQVFEQWdJRU1BOEcKQTFVZEV3RUIvd1FGTUFNQkFmOHdIUVlEVlIwT0JCWUVGUDF0WlFHc1FLZVFraGhBYVdESWNyR2pCTDRITUEwRwpDU3FHU0liM0RRRUJDd1VBQTRJQmdRQnBGeHE3YU45c01WNnZXVWFnR09PL3NZQUU5STRVdkNQUFdiOWxBSXRqCkdkUG9Qc3NnSXplcDFlUVQzN0ZiWEJhbWpLVk9xbmZxbDBRY1Bpb1U3M3pkWDF2eFBjR2xxQ2t2aStodmp5UHcKTFFBME5oa1UvSDJKdTVwV1J2VzVvZlJHeUFuZ2IzcG8wbzkrc09OYzhjaUg2OXNZblBnRFdPZ3B2U0I4RTZaegpFdE54M3ZSVnBxUk9aK0pXeGsxQlMvOGhxM3RuVlRMdXN2ZU5NYWxtQy9HN1V6MzUvMVV0bTlMK1JkeW1oK1hZCnlKVmQ0RUZOQ3VYbVlPSm9uS1lDNE1mRm4zbzV4UjRpRk8xQU5oNkFKczBhL1FvR0pLVzV0L2dGT3R6R0tLRnAKeGlqeGZOQUd6L1k4QUlKcHlEQmhsQ2tUQXp2N3UyYnZVRytsQ0JrY3MyTUt4d0ljK3VsS1IzdEYxTFdESEFVagp2V3A1ei8wOE15ekdBOTZuOGkrSThxRDYwVjhmcmdvZWtCSzBlRlVXNWQzMTJuYUY0a3J2L25EeXROdVFMZC9XCmZNaUhYNUJFQVV2amxoc3VuZlRKdlIwNzFtZncxRGhJYVV2YUxweTFOSE9HOWQ1RFV6V05jb3U1Q3BBZ1pjdmoKWGViZnptTWdKYW0rV1FxcHU4T1dzOEE9Ci0tLS0tRU5EIENFUlRJRklDQVRFLS0tLS0K"
              }
            ],
            "master_authorized_networks_config": [],
            "master_version": "1.24.8-gke.2000",
            "min_master_version": null,
            "monitoring_config": [
              {
                "enable_components": [
                  "SYSTEM_COMPONENTS"
                ]
              }
            ],
            "monitoring_service": "monitoring.googleapis.com/kubernetes",
            "name": "gks-nowhere-gke",
            "network": "projects/gks-nowhere/global/networks/gks-nowhere-vpc",
            "network_policy": [
              {
                "enabled": false,
                "provider": "PROVIDER_UNSPECIFIED"
              }
            ],
            "networking_mode": "ROUTES",
            "node_config": [],
            "node_locations": [
              "us-east1-b",
              "us-east1-c",
              "us-east1-d"
            ],
            "node_pool": [],
            "node_version": "1.24.8-gke.2000",
            "operation": null,
            "private_cluster_config": [
              {
                "enable_private_endpoint": false,
                "enable_private_nodes": false,
                "master_global_access_config": [
                  {
                    "enabled": false
                  }
                ],
                "master_ipv4_cidr_block": "",
                "peering_name": "",
                "private_endpoint": "10.10.0.2",
                "public_endpoint": "35.227.37.248"
              }
            ],
            "private_ipv6_google_access": "",
            "project": "gks-nowhere",
            "release_channel": [
              {
                "channel": "REGULAR"
              }
            ],
            "remove_default_node_pool": true,
            "resource_labels": null,
            "resource_usage_export_config": [],
            "self_link": "https://container.googleapis.com/v1/projects/gks-nowhere/locations/us-east1/clusters/gks-nowhere-gke",
            "services_ipv4_cidr": "10.223.240.0/20",
            "subnetwork": "projects/gks-nowhere/regions/us-east1/subnetworks/gks-nowhere-subnet",
            "timeouts": null,
            "tpu_ipv4_cidr_block": "",
            "vertical_pod_autoscaling": [],
            "workload_identity_config": []
          },
          "sensitive_attributes": [],
          "private": "eyJlMmJmYjczMC1lY2FhLTExZTYtOGY4OC0zNDM2M2JjN2M0YzAiOnsiY3JlYXRlIjoyNDAwMDAwMDAwMDAwLCJkZWxldGUiOjI0MDAwMDAwMDAwMDAsInJlYWQiOjI0MDAwMDAwMDAwMDAsInVwZGF0ZSI6MzYwMDAwMDAwMDAwMH0sInNjaGVtYV92ZXJzaW9uIjoiMSJ9",
          "dependencies": [
            "google_compute_network.vpc",
            "google_compute_subnetwork.subnet"
          ]
        }
      ]
    },
    {
      "mode": "managed",
      "type": "google_container_node_pool",
      "name": "primary_nodes",
      "provider": "provider[\"registry.terraform.io/hashicorp/google\"]",
      "instances": [
        {
          "status": "tainted",
          "schema_version": 1,
          "attributes": {
            "autoscaling": [],
            "cluster": "gks-nowhere-gke",
            "id": "projects/gks-nowhere/locations/us-east1-c/clusters/gks-nowhere-gke/nodePools/gks-nowhere-gke",
            "initial_node_count": null,
            "instance_group_urls": null,
            "location": "us-east1-c",
            "managed_instance_group_urls": null,
            "management": null,
            "max_pods_per_node": null,
            "name": "gks-nowhere-gke",
            "name_prefix": null,
            "node_config": [
              {
                "boot_disk_kms_key": "",
                "disk_size_gb": 0,
                "disk_type": "",
                "gcfs_config": [],
                "guest_accelerator": [],
                "gvnic": [],
                "image_type": "",
                "labels": {
                  "env": "gks-nowhere"
                },
                "local_ssd_count": 0,
                "machine_type": "n1-standard-1",
                "metadata": {
                  "disable-legacy-endpoints": "true"
                },
                "min_cpu_platform": "",
                "node_group": "",
                "oauth_scopes": [
                  "https://www.googleapis.com/auth/logging.write",
                  "https://www.googleapis.com/auth/monitoring"
                ],
                "preemptible": false,
                "service_account": "",
                "shielded_instance_config": [],
                "spot": false,
                "tags": [
                  "gke-node",
                  "gks-nowhere-gke"
                ],
                "taint": [],
                "workload_metadata_config": []
              }
            ],
            "node_count": 2,
            "node_locations": [],
            "operation": null,
            "project": null,
            "timeouts": null,
            "upgrade_settings": null,
            "version": null
          },
          "sensitive_attributes": [],
          "private": "eyJlMmJmYjczMC1lY2FhLTExZTYtOGY4OC0zNDM2M2JjN2M0YzAiOnsiY3JlYXRlIjoxODAwMDAwMDAwMDAwLCJkZWxldGUiOjE4MDAwMDAwMDAwMDAsInVwZGF0ZSI6MTgwMDAwMDAwMDAwMH0sInNjaGVtYV92ZXJzaW9uIjoiMSJ9",
          "dependencies": [
            "google_compute_network.vpc",
            "google_compute_subnetwork.subnet",
            "google_container_cluster.primary"
          ]
        }
      ]
    }
  ],
  "check_results": null
}
