Microsoft Windows [Version 10.0.19044.2486]

Ethan_Li@EPCNSZXW0050 C:\Users\Ethan_Li
$ d:

Ethan_Li@EPCNSZXW0050 D:\
$ cd dev

Ethan_Li@EPCNSZXW0050 D:\dev
$ git clone git clone https://github.com/hashicorp/learn-terraform-provision-gke-cluster gcloud-k8s-terraform
fatal: Too many arguments.

usage: git clone [<options>] [--] <repo> [<dir>]

    -v, --verbose         be more verbose
    -q, --quiet           be more quiet
    --progress            force progress reporting
    --reject-shallow      don't clone shallow repository
    -n, --no-checkout     don't create a checkout
    --bare                create a bare repository
    --mirror              create a mirror repository (implies bare)
    -l, --local           to clone from a local repository
    --no-hardlinks        don't use local hardlinks, always copy
    -s, --shared          setup as shared repository
    --recurse-submodules[=<pathspec>]
                          initialize submodules in the clone
    --recursive ...       alias of --recurse-submodules
    -j, --jobs <n>        number of submodules cloned in parallel
    --template <template-directory>
                          directory from which templates will be used
    --reference <repo>    reference repository
    --reference-if-able <repo>
                          reference repository
    --dissociate          use --reference only while cloning
    -o, --origin <name>   use <name> instead of 'origin' to track upstream
    -b, --branch <branch>
                          checkout <branch> instead of the remote's HEAD
    -u, --upload-pack <path>
                          path to git-upload-pack on the remote
    --depth <depth>       create a shallow clone of that depth
    --shallow-since <time>
                          create a shallow clone since a specific time
    --shallow-exclude <revision>
                          deepen history of shallow clone, excluding rev
    --single-branch       clone only one branch, HEAD or --branch
    --no-tags             don't clone any tags, and make later fetches not to follow them
    --shallow-submodules  any cloned submodules will be shallow
    --separate-git-dir <gitdir>
                          separate git dir from working tree
    -c, --config <key=value>
                          set config inside the new repository
    --server-option <server-specific>
                          option to transmit
    -4, --ipv4            use IPv4 addresses only
    -6, --ipv6            use IPv6 addresses only
    --filter <args>       object filtering
    --remote-submodules   any cloned submodules will use their remote-tracking branch
    --sparse              initialize sparse-checkout file to include only files at root


Ethan_Li@EPCNSZXW0050 D:\dev
$  git clone https://github.com/hashicorp/learn-terraform-provision-gke-cluster gcloud-k8s-terraform
Cloning into 'gcloud-k8s-terraform'...
remote: Enumerating objects: 100, done.
remote: Counting objects: 100% (56/56), done.
remote: Compressing objects: 100% (31/31), done.
remote: Total 100 (delta 38), reused 28 (delta 25), pack-reused 44
Receiving objects: 100% (100/100), 28.12 KiB | 411.00 KiB/s, done.
Resolving deltas: 100% (49/49), done.

Ethan_Li@EPCNSZXW0050 D:\dev
$ cd gcloud-k8s-terraform

Ethan_Li@EPCNSZXW0050 D:\dev\gcloud-k8s-terraform
$ terraform init

Initializing the backend...

Initializing provider plugins...
- Reusing previous version of hashicorp/google from the dependency lock file
- Installing hashicorp/google v4.27.0...
- Installed hashicorp/google v4.27.0 (signed by HashiCorp)

Terraform has made some changes to the provider dependency selections recorded
in the .terraform.lock.hcl file. Review those changes and commit them to your
version control system if they represent changes you intended to make.

Terraform has been successfully initialized!

You may now begin working with Terraform. Try running "terraform plan" to see
any changes that are required for your infrastructure. All Terraform commands
should now work.

If you ever set or change modules or backend configuration for Terraform,
rerun this command to reinitialize your working directory. If you forget, other
commands will detect it and remind you to do so if necessary.

Ethan_Li@EPCNSZXW0050 D:\dev\gcloud-k8s-terraform
$ terraform plan -out=PLAN.C.tfplan
╷
│ Error: Attempted to load application default credentials since neither `credentials` nor `access_token` was set in the provider block.  No credentials loaded. To use your gcloud credentials, run 'gcloud auth application-default login'.  Original error: google: could not find default credentials. See https://developers.google.com/accounts/docs/application-default-credentials for more information.
│
│   with provider["registry.terraform.io/hashicorp/google"],
│   on vpc.tf line 9, in provider "google":
│    9: provider "google" {
│
╵

Ethan_Li@EPCNSZXW0050 D:\dev\gcloud-k8s-terraform
$ gcloud auth application-default login
Your browser has been opened to visit:

    https://accounts.google.com/o/oauth2/auth?response_type=code&client_id=764086051850-6qr4p6gpi6hn506pt8ejuq83di341hur.apps.googleusercontent.com&redirect_uri=http%3A%2F%2Flocalhost%3A8085%2F&scope=openid+https%3A%2F%2Fwww.googleapis.com%2Fauth%2Fuserinfo.email+https%3A%2F%2Fwww.googleapis.com%2Fauth%2Fcloud-platform+https%3A%2F%2Fwww.googleapis.com%2Fauth%2Fsqlservice.login+https%3A%2F%2Fwww.googleapis.com%2Fauth%2Faccounts.reauth&state=8TR6kelxbvUYZIbcI3Tqk9NQYdXLEU&access_type=offline&code_challenge=-xKwKNaSfWyd1Df71OWBhFmV5sm837wZrHeuPLX1zrI&code_challenge_method=S256


Credentials saved to file: [C:\Users\Ethan_Li\AppData\Roaming\gcloud\application_default_credentials.json]

These credentials will be used by any library that requests Application Default Credentials (ADC).

Quota project "valentine-night" was added to ADC which can be used by Google client libraries for billing and quota. Note that some services may still bill the project owning the resource.

Ethan_Li@EPCNSZXW0050 D:\dev\gcloud-k8s-terraform
$ terraform plan -out=PLAN.C.tfplan
╷
│ Error: "name" ("Deadpool-subnet") doesn't match regexp "^(?:[a-z](?:[-a-z0-9]{0,61}[a-z0-9])?)$"
│
│   with google_compute_subnetwork.subnet,
│   on vpc.tf line 22, in resource "google_compute_subnetwork" "subnet":
│   22:   name          = "${var.project_id}-subnet"
│
╵

Ethan_Li@EPCNSZXW0050 D:\dev\gcloud-k8s-terraform
$ terraform plan -out=PLAN.C.tfplan

Terraform used the selected providers to generate the following execution plan. Resource actions are indicated with the following symbols:
  + create

Terraform will perform the following actions:

  # google_compute_network.vpc will be created
  + resource "google_compute_network" "vpc" {
      + auto_create_subnetworks         = false
      + delete_default_routes_on_create = false
      + gateway_ipv4                    = (known after apply)
      + id                              = (known after apply)
      + internal_ipv6_range             = (known after apply)
      + mtu                             = (known after apply)
      + name                            = "deadpool-vpc"
      + project                         = (known after apply)
      + routing_mode                    = (known after apply)
      + self_link                       = (known after apply)
    }

  # google_compute_subnetwork.subnet will be created
  + resource "google_compute_subnetwork" "subnet" {
      + creation_timestamp         = (known after apply)
      + external_ipv6_prefix       = (known after apply)
      + fingerprint                = (known after apply)
      + gateway_address            = (known after apply)
      + id                         = (known after apply)
      + ip_cidr_range              = "10.10.0.0/24"
      + ipv6_cidr_range            = (known after apply)
      + name                       = "deadpool-subnet"
      + network                    = "deadpool-vpc"
      + private_ipv6_google_access = (known after apply)
      + project                    = (known after apply)
      + purpose                    = (known after apply)
      + region                     = "asia-south1"
      + secondary_ip_range         = (known after apply)
      + self_link                  = (known after apply)
      + stack_type                 = (known after apply)
    }

  # google_container_cluster.primary will be created
  + resource "google_container_cluster" "primary" {
      + cluster_ipv4_cidr           = (known after apply)
      + datapath_provider           = (known after apply)
      + default_max_pods_per_node   = (known after apply)
      + enable_binary_authorization = false
      + enable_intranode_visibility = (known after apply)
      + enable_kubernetes_alpha     = false
      + enable_legacy_abac          = false
      + enable_shielded_nodes       = true
      + endpoint                    = (known after apply)
      + id                          = (known after apply)
      + initial_node_count          = 1
      + label_fingerprint           = (known after apply)
      + location                    = "asia-south1"
      + logging_service             = (known after apply)
      + master_version              = (known after apply)
      + monitoring_service          = (known after apply)
      + name                        = "deadpool-gke"
      + network                     = "deadpool-vpc"
      + networking_mode             = (known after apply)
      + node_locations              = (known after apply)
      + node_version                = (known after apply)
      + operation                   = (known after apply)
      + private_ipv6_google_access  = (known after apply)
      + project                     = (known after apply)
      + remove_default_node_pool    = true
      + self_link                   = (known after apply)
      + services_ipv4_cidr          = (known after apply)
      + subnetwork                  = "deadpool-subnet"
      + tpu_ipv4_cidr_block         = (known after apply)

      + addons_config {
          + cloudrun_config {
              + disabled           = (known after apply)
              + load_balancer_type = (known after apply)
            }

          + gcp_filestore_csi_driver_config {
              + enabled = (known after apply)
            }

          + horizontal_pod_autoscaling {
              + disabled = (known after apply)
            }

          + http_load_balancing {
              + disabled = (known after apply)
            }

          + network_policy_config {
              + disabled = (known after apply)
            }
        }

      + authenticator_groups_config {
          + security_group = (known after apply)
        }

      + cluster_autoscaling {
          + enabled = (known after apply)

          + auto_provisioning_defaults {
              + image_type      = (known after apply)
              + oauth_scopes    = (known after apply)
              + service_account = (known after apply)
            }

          + resource_limits {
              + maximum       = (known after apply)
              + minimum       = (known after apply)
              + resource_type = (known after apply)
            }
        }

      + confidential_nodes {
          + enabled = (known after apply)
        }

      + database_encryption {
          + key_name = (known after apply)
          + state    = (known after apply)
        }

      + default_snat_status {
          + disabled = (known after apply)
        }

      + ip_allocation_policy {
          + cluster_ipv4_cidr_block       = (known after apply)
          + cluster_secondary_range_name  = (known after apply)
          + services_ipv4_cidr_block      = (known after apply)
          + services_secondary_range_name = (known after apply)
        }

      + logging_config {
          + enable_components = (known after apply)
        }

      + master_auth {
          + client_certificate     = (known after apply)
          + client_key             = (sensitive value)
          + cluster_ca_certificate = (known after apply)

          + client_certificate_config {
              + issue_client_certificate = (known after apply)
            }
        }

      + monitoring_config {
          + enable_components = (known after apply)
        }

      + node_config {
          + boot_disk_kms_key = (known after apply)
          + disk_size_gb      = (known after apply)
          + disk_type         = (known after apply)
          + guest_accelerator = (known after apply)
          + image_type        = (known after apply)
          + labels            = (known after apply)
          + local_ssd_count   = (known after apply)
          + machine_type      = (known after apply)
          + metadata          = (known after apply)
          + min_cpu_platform  = (known after apply)
          + node_group        = (known after apply)
          + oauth_scopes      = (known after apply)
          + preemptible       = (known after apply)
          + service_account   = (known after apply)
          + spot              = (known after apply)
          + tags              = (known after apply)
          + taint             = (known after apply)

          + gcfs_config {
              + enabled = (known after apply)
            }

          + gvnic {
              + enabled = (known after apply)
            }

          + shielded_instance_config {
              + enable_integrity_monitoring = (known after apply)
              + enable_secure_boot          = (known after apply)
            }

          + workload_metadata_config {
              + mode = (known after apply)
            }
        }

      + node_pool {
          + initial_node_count          = (known after apply)
          + instance_group_urls         = (known after apply)
          + managed_instance_group_urls = (known after apply)
          + max_pods_per_node           = (known after apply)
          + name                        = (known after apply)
          + name_prefix                 = (known after apply)
          + node_count                  = (known after apply)
          + node_locations              = (known after apply)
          + version                     = (known after apply)

          + autoscaling {
              + max_node_count = (known after apply)
              + min_node_count = (known after apply)
            }

          + management {
              + auto_repair  = (known after apply)
              + auto_upgrade = (known after apply)
            }

          + node_config {
              + boot_disk_kms_key = (known after apply)
              + disk_size_gb      = (known after apply)
              + disk_type         = (known after apply)
              + guest_accelerator = (known after apply)
              + image_type        = (known after apply)
              + labels            = (known after apply)
              + local_ssd_count   = (known after apply)
              + machine_type      = (known after apply)
              + metadata          = (known after apply)
              + min_cpu_platform  = (known after apply)
              + node_group        = (known after apply)
              + oauth_scopes      = (known after apply)
              + preemptible       = (known after apply)
              + service_account   = (known after apply)
              + spot              = (known after apply)
              + tags              = (known after apply)
              + taint             = (known after apply)

              + gcfs_config {
                  + enabled = (known after apply)
                }

              + gvnic {
                  + enabled = (known after apply)
                }

              + shielded_instance_config {
                  + enable_integrity_monitoring = (known after apply)
                  + enable_secure_boot          = (known after apply)
                }

              + workload_metadata_config {
                  + mode = (known after apply)
                }
            }

          + upgrade_settings {
              + max_surge       = (known after apply)
              + max_unavailable = (known after apply)
            }
        }

      + release_channel {
          + channel = (known after apply)
        }

      + vertical_pod_autoscaling {
          + enabled = (known after apply)
        }

      + workload_identity_config {
          + workload_pool = (known after apply)
        }
    }

  # google_container_node_pool.primary_nodes will be created
  + resource "google_container_node_pool" "primary_nodes" {
      + cluster                     = "deadpool-gke"
      + id                          = (known after apply)
      + initial_node_count          = (known after apply)
      + instance_group_urls         = (known after apply)
      + location                    = "asia-south1"
      + managed_instance_group_urls = (known after apply)
      + max_pods_per_node           = (known after apply)
      + name                        = "deadpool-gke"
      + name_prefix                 = (known after apply)
      + node_count                  = 2
      + node_locations              = (known after apply)
      + operation                   = (known after apply)
      + project                     = (known after apply)
      + version                     = (known after apply)

      + management {
          + auto_repair  = (known after apply)
          + auto_upgrade = (known after apply)
        }

      + node_config {
          + disk_size_gb      = (known after apply)
          + disk_type         = (known after apply)
          + guest_accelerator = (known after apply)
          + image_type        = (known after apply)
          + labels            = {
              + "env" = "deadpool"
            }
          + local_ssd_count   = (known after apply)
          + machine_type      = "n1-standard-1"
          + metadata          = {
              + "disable-legacy-endpoints" = "true"
            }
          + oauth_scopes      = [
              + "https://www.googleapis.com/auth/logging.write",
              + "https://www.googleapis.com/auth/monitoring",
            ]
          + preemptible       = false
          + service_account   = (known after apply)
          + spot              = false
          + tags              = [
              + "gke-node",
              + "deadpool-gke",
            ]
          + taint             = (known after apply)

          + shielded_instance_config {
              + enable_integrity_monitoring = (known after apply)
              + enable_secure_boot          = (known after apply)
            }

          + workload_metadata_config {
              + mode = (known after apply)
            }
        }

      + upgrade_settings {
          + max_surge       = (known after apply)
          + max_unavailable = (known after apply)
        }
    }

Plan: 4 to add, 0 to change, 0 to destroy.

Changes to Outputs:
  + kubernetes_cluster_host = (known after apply)
  + kubernetes_cluster_name = "deadpool-gke"
  + project_id              = "deadpool"
  + region                  = "asia-south1"

──────────────────────────────────────────────────────────────────────────────────────────────────────────────────────────────────────────────────────────────────────────────────────────────

Saved the plan to: PLAN.C.tfplan

To perform exactly these actions, run the following command to apply:
    terraform apply "PLAN.C.tfplan"

Ethan_Li@EPCNSZXW0050 D:\dev\gcloud-k8s-terraform
$Ethan_Li@EPCNSZXW0050 D:\dev\gcloud-k8s-terraform
 $  terraform apply "PLAN.C.tfplan"
 google_compute_network.vpc: Creating...
 ╷
 │ Error: Error creating Network: googleapi: Error 403: Compute Engine API has not been used in project 466609933162 before or it is disabled. Enable it by visiting https://console.developers.google.com/apis/api/compute.googleapis.com/overview?project=466609933162 then retry. If you enabled this API recently, wait a few minutes for the action to propagate to our systems and retry.
 │ Details:
 │ [
 │   {
 │     "@type": "type.googleapis.com/google.rpc.Help",
 │     "links": [
 │       {
 │         "description": "Google developers console API activation",
 │         "url": "https://console.developers.google.com/apis/api/compute.googleapis.com/overview?project=466609933162"
 │       }
 │     ]
 │   },
 │   {
 │     "@type": "type.googleapis.com/google.rpc.ErrorInfo",
 │     "domain": "googleapis.com",
 │     "metadatas": {
 │       "consumer": "projects/466609933162",
 │       "service": "compute.googleapis.com"
 │     },
 │     "reason": "SERVICE_DISABLED"
 │   }
 │ ]
 │ , accessNotConfigured
 │
 │   with google_compute_network.vpc,
 │   on vpc.tf line 15, in resource "google_compute_network" "vpc":
 │   15: resource "google_compute_network" "vpc" {
 │
 ╵
 Ethan_Li@EPCNSZXW0050 D:\dev\gcloud-k8s-terraform
 $ terraform apply "PLAN.R.tfplan"
 google_compute_network.vpc: Creating...
 google_compute_network.vpc: Still creating... [10s elapsed]
 google_compute_network.vpc: Creation complete after 12s [id=projects/valentine-night/global/networks/valentine-night-vpc]
 google_compute_subnetwork.subnet: Creating...
 google_compute_subnetwork.subnet: Still creating... [10s elapsed]
 google_compute_subnetwork.subnet: Still creating... [20s elapsed]
 google_compute_subnetwork.subnet: Creation complete after 29s [id=projects/valentine-night/regions/asia-south1/subnetworks/valentine-night-subnet]
 google_container_cluster.primary: Creating...
 ╷
 │ Error: googleapi: Error 400: Failed precondition when calling the ServiceConsumerManager: tenantmanager::185014: Consumer 242643787068 should enable service:container.googleapis.com before generating a service account.
 │ com.google.api.tenant.error.TenantManagerException: Consumer 242643787068 should enable service:container.googleapis.com before generating a service account., failedPrecondition
 │
 │   with google_container_cluster.primary,
 │   on gke.tf line 17, in resource "google_container_cluster" "primary":
 │   17: resource "google_container_cluster" "primary" {
 │
 ╵

 Ethan_Li@EPCNSZXW0050 D:\dev\gcloud-k8s-terraform
 $ terraform show
 # google_compute_network.vpc:
 resource "google_compute_network" "vpc" {
     auto_create_subnetworks         = false
     delete_default_routes_on_create = false
     enable_ula_internal_ipv6        = false
     id                              = "projects/valentine-night/global/networks/valentine-night-vpc"
     mtu                             = 0
     name                            = "valentine-night-vpc"
     project                         = "valentine-night"
     routing_mode                    = "REGIONAL"
     self_link                       = "https://www.googleapis.com/compute/v1/projects/valentine-night/global/networks/valentine-night-vpc"
 }

 # google_compute_subnetwork.subnet:
 resource "google_compute_subnetwork" "subnet" {
     creation_timestamp         = "2023-02-13T01:29:02.734-08:00"
     gateway_address            = "10.10.0.1"
     id                         = "projects/valentine-night/regions/asia-south1/subnetworks/valentine-night-subnet"
     ip_cidr_range              = "10.10.0.0/24"
     name                       = "valentine-night-subnet"
     network                    = "https://www.googleapis.com/compute/v1/projects/valentine-night/global/networks/valentine-night-vpc"
     private_ip_google_access   = false
     private_ipv6_google_access = "DISABLE_GOOGLE_ACCESS"
     project                    = "valentine-night"
     purpose                    = "PRIVATE"
     region                     = "asia-south1"
     secondary_ip_range         = []
     self_link                  = "https://www.googleapis.com/compute/v1/projects/valentine-night/regions/asia-south1/subnetworks/valentine-night-subnet"
     stack_type                 = "IPV4_ONLY"
 }


 Outputs:

 kubernetes_cluster_name = "valentine-night-gke"
 project_id = "valentine-night"
 region = "asia-south1"
Ethan_Li@EPCNSZXW0050 D:\dev\gcloud-k8s-terraform
$ gcloud services enable container.googleapis.com
Operation "operations/acf.p2-242643787068-7dbea3d1-1ba3-4372-86c9-c58eb1ce2a95" finished successfully.

Ethan_Li@EPCNSZXW0050 D:\dev\gcloud-k8s-terraform
$ terraform plan -out=PLAN.R.2.tfplan
google_compute_network.vpc: Refreshing state... [id=projects/valentine-night/global/networks/valentine-night-vpc]
google_compute_subnetwork.subnet: Refreshing state... [id=projects/valentine-night/regions/asia-south1/subnetworks/valentine-night-subnet]

Terraform used the selected providers to generate the following execution plan. Resource actions are indicated with the following symbols:
  + create

Terraform will perform the following actions:

  # google_container_cluster.primary will be created
  + resource "google_container_cluster" "primary" {
      + cluster_ipv4_cidr           = (known after apply)
      + datapath_provider           = (known after apply)
      + default_max_pods_per_node   = (known after apply)
      + enable_binary_authorization = false
      + enable_intranode_visibility = (known after apply)
      + enable_kubernetes_alpha     = false
      + enable_legacy_abac          = false
      + enable_shielded_nodes       = true
      + endpoint                    = (known after apply)
      + id                          = (known after apply)
      + initial_node_count          = 1
      + label_fingerprint           = (known after apply)
      + location                    = "asia-south1"
      + logging_service             = (known after apply)
      + master_version              = (known after apply)
      + monitoring_service          = (known after apply)
      + name                        = "valentine-night-gke"
      + network                     = "valentine-night-vpc"
      + networking_mode             = (known after apply)
      + node_locations              = (known after apply)
      + node_version                = (known after apply)
      + operation                   = (known after apply)
      + private_ipv6_google_access  = (known after apply)
      + project                     = (known after apply)
      + remove_default_node_pool    = true
      + self_link                   = (known after apply)
      + services_ipv4_cidr          = (known after apply)
      + subnetwork                  = "valentine-night-subnet"
      + tpu_ipv4_cidr_block         = (known after apply)

      + addons_config {
          + cloudrun_config {
              + disabled           = (known after apply)
              + load_balancer_type = (known after apply)
            }

          + gcp_filestore_csi_driver_config {
              + enabled = (known after apply)
            }

          + horizontal_pod_autoscaling {
              + disabled = (known after apply)
            }

          + http_load_balancing {
              + disabled = (known after apply)
            }

          + network_policy_config {
              + disabled = (known after apply)
            }
        }

      + authenticator_groups_config {
          + security_group = (known after apply)
        }

      + cluster_autoscaling {
          + enabled = (known after apply)

          + auto_provisioning_defaults {
              + image_type      = (known after apply)
              + oauth_scopes    = (known after apply)
              + service_account = (known after apply)
            }

          + resource_limits {
              + maximum       = (known after apply)
              + minimum       = (known after apply)
              + resource_type = (known after apply)
            }
        }

      + confidential_nodes {
          + enabled = (known after apply)
        }

      + database_encryption {
          + key_name = (known after apply)
          + state    = (known after apply)
        }

      + default_snat_status {
          + disabled = (known after apply)
        }

      + ip_allocation_policy {
          + cluster_ipv4_cidr_block       = (known after apply)
          + cluster_secondary_range_name  = (known after apply)
          + services_ipv4_cidr_block      = (known after apply)
          + services_secondary_range_name = (known after apply)
        }

      + logging_config {
          + enable_components = (known after apply)
        }

      + master_auth {
          + client_certificate     = (known after apply)
          + client_key             = (sensitive value)
          + cluster_ca_certificate = (known after apply)

          + client_certificate_config {
              + issue_client_certificate = (known after apply)
            }
        }

      + monitoring_config {
          + enable_components = (known after apply)
        }

      + node_config {
          + boot_disk_kms_key = (known after apply)
          + disk_size_gb      = (known after apply)
          + disk_type         = (known after apply)
          + guest_accelerator = (known after apply)
          + image_type        = (known after apply)
          + labels            = (known after apply)
          + local_ssd_count   = (known after apply)
          + machine_type      = (known after apply)
          + metadata          = (known after apply)
          + min_cpu_platform  = (known after apply)
          + node_group        = (known after apply)
          + oauth_scopes      = (known after apply)
          + preemptible       = (known after apply)
          + service_account   = (known after apply)
          + spot              = (known after apply)
          + tags              = (known after apply)
          + taint             = (known after apply)

          + gcfs_config {
              + enabled = (known after apply)
            }

          + gvnic {
              + enabled = (known after apply)
            }

          + shielded_instance_config {
              + enable_integrity_monitoring = (known after apply)
              + enable_secure_boot          = (known after apply)
            }

          + workload_metadata_config {
              + mode = (known after apply)
            }
        }

      + node_pool {
          + initial_node_count          = (known after apply)
          + instance_group_urls         = (known after apply)
          + managed_instance_group_urls = (known after apply)
          + max_pods_per_node           = (known after apply)
          + name                        = (known after apply)
          + name_prefix                 = (known after apply)
          + node_count                  = (known after apply)
          + node_locations              = (known after apply)
          + version                     = (known after apply)

          + autoscaling {
              + max_node_count = (known after apply)
              + min_node_count = (known after apply)
            }

          + management {
              + auto_repair  = (known after apply)
              + auto_upgrade = (known after apply)
            }

          + node_config {
              + boot_disk_kms_key = (known after apply)
              + disk_size_gb      = (known after apply)
              + disk_type         = (known after apply)
              + guest_accelerator = (known after apply)
              + image_type        = (known after apply)
              + labels            = (known after apply)
              + local_ssd_count   = (known after apply)
              + machine_type      = (known after apply)
              + metadata          = (known after apply)
              + min_cpu_platform  = (known after apply)
              + node_group        = (known after apply)
              + oauth_scopes      = (known after apply)
              + preemptible       = (known after apply)
              + service_account   = (known after apply)
              + spot              = (known after apply)
              + tags              = (known after apply)
              + taint             = (known after apply)

              + gcfs_config {
                  + enabled = (known after apply)
                }

              + gvnic {
                  + enabled = (known after apply)
                }

              + shielded_instance_config {
                  + enable_integrity_monitoring = (known after apply)
                  + enable_secure_boot          = (known after apply)
                }

              + workload_metadata_config {
                  + mode = (known after apply)
                }
            }

          + upgrade_settings {
              + max_surge       = (known after apply)
              + max_unavailable = (known after apply)
            }
        }

      + release_channel {
          + channel = (known after apply)
        }

      + vertical_pod_autoscaling {
          + enabled = (known after apply)
        }

      + workload_identity_config {
          + workload_pool = (known after apply)
        }
    }

  # google_container_node_pool.primary_nodes will be created
  + resource "google_container_node_pool" "primary_nodes" {
      + cluster                     = "valentine-night-gke"
      + id                          = (known after apply)
      + initial_node_count          = (known after apply)
      + instance_group_urls         = (known after apply)
      + location                    = "asia-south1"
      + managed_instance_group_urls = (known after apply)
      + max_pods_per_node           = (known after apply)
      + name                        = "valentine-night-gke"
      + name_prefix                 = (known after apply)
      + node_count                  = 2
      + node_locations              = (known after apply)
      + operation                   = (known after apply)
      + project                     = (known after apply)
      + version                     = (known after apply)

      + management {
          + auto_repair  = (known after apply)
          + auto_upgrade = (known after apply)
        }

      + node_config {
          + disk_size_gb      = (known after apply)
          + disk_type         = (known after apply)
          + guest_accelerator = (known after apply)
          + image_type        = (known after apply)
          + labels            = {
              + "env" = "valentine-night"
            }
          + local_ssd_count   = (known after apply)
          + machine_type      = "n1-standard-1"
          + metadata          = {
              + "disable-legacy-endpoints" = "true"
            }
          + oauth_scopes      = [
              + "https://www.googleapis.com/auth/logging.write",
              + "https://www.googleapis.com/auth/monitoring",
            ]
          + preemptible       = false
          + service_account   = (known after apply)
          + spot              = false
          + tags              = [
              + "gke-node",
              + "valentine-night-gke",
            ]
          + taint             = (known after apply)

          + shielded_instance_config {
              + enable_integrity_monitoring = (known after apply)
              + enable_secure_boot          = (known after apply)
            }

          + workload_metadata_config {
              + mode = (known after apply)
            }
        }

      + upgrade_settings {
          + max_surge       = (known after apply)
          + max_unavailable = (known after apply)
        }
    }

Plan: 2 to add, 0 to change, 0 to destroy.

Changes to Outputs:
  + kubernetes_cluster_host = (known after apply)

──────────────────────────────────────────────────────────────────────────────────────────────────────────────────────────────────────────────────────────────────────────────────────────────

Saved the plan to: PLAN.R.2.tfplan

To perform exactly these actions, run the following command to apply:
    terraform apply "PLAN.R.2.tfplan"

Ethan_Li@EPCNSZXW0050 D:\dev\gcloud-k8s-terraform
$  terraform apply "PLAN.R.2.tfplan
google_container_cluster.primary: Creating...
google_container_cluster.primary: Still creating... [10s elapsed]
google_container_cluster.primary: Still creating... [20s elapsed]
google_container_cluster.primary: Still creating... [30s elapsed]
google_container_cluster.primary: Still creating... [40s elapsed]
google_container_cluster.primary: Still creating... [50s elapsed]
google_container_cluster.primary: Still creating... [1m0s elapsed]
google_container_cluster.primary: Still creating... [1m10s elapsed]
google_container_cluster.primary: Still creating... [1m21s elapsed]
google_container_cluster.primary: Still creating... [1m31s elapsed]
google_container_cluster.primary: Still creating... [1m41s elapsed]
google_container_cluster.primary: Still creating... [1m51s elapsed]
google_container_cluster.primary: Still creating... [2m1s elapsed]
google_container_cluster.primary: Still creating... [2m11s elapsed]
google_container_cluster.primary: Still creating... [2m21s elapsed]
google_container_cluster.primary: Still creating... [2m31s elapsed]
google_container_cluster.primary: Still creating... [2m41s elapsed]
google_container_cluster.primary: Still creating... [2m51s elapsed]
google_container_cluster.primary: Still creating... [3m1s elapsed]
google_container_cluster.primary: Still creating... [3m11s elapsed]
google_container_cluster.primary: Still creating... [3m21s elapsed]
google_container_cluster.primary: Still creating... [3m31s elapsed]
google_container_cluster.primary: Still creating... [3m41s elapsed]
google_container_cluster.primary: Still creating... [3m51s elapsed]
google_container_cluster.primary: Still creating... [4m1s elapsed]
google_container_cluster.primary: Still creating... [4m11s elapsed]
google_container_cluster.primary: Still creating... [4m21s elapsed]
google_container_cluster.primary: Still creating... [4m31s elapsed]
google_container_cluster.primary: Still creating... [4m41s elapsed]
google_container_cluster.primary: Still creating... [4m51s elapsed]
google_container_cluster.primary: Still creating... [5m1s elapsed]
google_container_cluster.primary: Still creating... [5m11s elapsed]
google_container_cluster.primary: Creation complete after 5m15s [id=projects/valentine-night/locations/asia-south1/clusters/valentine-night-gke]
google_container_node_pool.primary_nodes: Creating...
╷
│ Error: error creating NodePool: googleapi: Error 403: Insufficient regional quota to satisfy request: resource "SSD_TOTAL_GB": request requires '600.0' and is short '110.0'. project has a quota of '500.0' with '490.0' available. View and manage quotas at https://console.cloud.google.com/iam-admin/quotas?usage=USED&project=valentine-night., forbidden
│
│   with google_container_node_pool.primary_nodes,
│   on gke.tf line 32, in resource "google_container_node_pool" "primary_nodes":
│   32: resource "google_container_node_pool" "primary_nodes" {
│
╵

Ethan_Li@EPCNSZXW0050 D:\dev\gcloud-k8s-terraform
$ terraform show
# google_compute_network.vpc:
resource "google_compute_network" "vpc" {
    auto_create_subnetworks         = false
    delete_default_routes_on_create = false
    enable_ula_internal_ipv6        = false
    id                              = "projects/valentine-night/global/networks/valentine-night-vpc"
    mtu                             = 0
    name                            = "valentine-night-vpc"
    project                         = "valentine-night"
    routing_mode                    = "REGIONAL"
    self_link                       = "https://www.googleapis.com/compute/v1/projects/valentine-night/global/networks/valentine-night-vpc"
}

# google_compute_subnetwork.subnet:
resource "google_compute_subnetwork" "subnet" {
    creation_timestamp         = "2023-02-13T01:29:02.734-08:00"
    gateway_address            = "10.10.0.1"
    id                         = "projects/valentine-night/regions/asia-south1/subnetworks/valentine-night-subnet"
    ip_cidr_range              = "10.10.0.0/24"
    name                       = "valentine-night-subnet"
    network                    = "https://www.googleapis.com/compute/v1/projects/valentine-night/global/networks/valentine-night-vpc"
    private_ip_google_access   = false
    private_ipv6_google_access = "DISABLE_GOOGLE_ACCESS"
    project                    = "valentine-night"
    purpose                    = "PRIVATE"
    region                     = "asia-south1"
    secondary_ip_range         = []
    self_link                  = "https://www.googleapis.com/compute/v1/projects/valentine-night/regions/asia-south1/subnetworks/valentine-night-subnet"
    stack_type                 = "IPV4_ONLY"
}

# google_container_cluster.primary:
resource "google_container_cluster" "primary" {
    cluster_ipv4_cidr           = "10.180.0.0/14"
    enable_autopilot            = false
    enable_binary_authorization = false
    enable_intranode_visibility = false
    enable_kubernetes_alpha     = false
    enable_legacy_abac          = false
    enable_shielded_nodes       = true
    enable_tpu                  = false
    endpoint                    = "34.93.54.93"
    id                          = "projects/valentine-night/locations/asia-south1/clusters/valentine-night-gke"
    initial_node_count          = 1
    label_fingerprint           = "a9dc16a7"
    location                    = "asia-south1"
    logging_service             = "logging.googleapis.com/kubernetes"
    master_version              = "1.24.8-gke.2000"
    monitoring_service          = "monitoring.googleapis.com/kubernetes"
    name                        = "valentine-night-gke"
    network                     = "projects/valentine-night/global/networks/valentine-night-vpc"
    networking_mode             = "ROUTES"
    node_locations              = [
        "asia-south1-a",
        "asia-south1-b",
        "asia-south1-c",
    ]
    node_version                = "1.24.8-gke.2000"
    project                     = "valentine-night"
    remove_default_node_pool    = true
    self_link                   = "https://container.googleapis.com/v1/projects/valentine-night/locations/asia-south1/clusters/valentine-night-gke"
    services_ipv4_cidr          = "10.183.240.0/20"
    subnetwork                  = "projects/valentine-night/regions/asia-south1/subnetworks/valentine-night-subnet"

    addons_config {

        network_policy_config {
            disabled = true
        }
    }

    cluster_autoscaling {
        enabled = false
    }

    database_encryption {
        state = "DECRYPTED"
    }

    default_snat_status {
        disabled = false
    }

    logging_config {
        enable_components = [
            "SYSTEM_COMPONENTS",
            "WORKLOADS",
        ]
    }

    master_auth {
        cluster_ca_certificate = "LS0tLS1CRUdJTiBDRVJUSUZJQ0FURS0tLS0tCk1JSUVMRENDQXBTZ0F3SUJBZ0lRQnR1dlRKU3d2NlM2bTRORnhHc2JhekFOQmdrcWhraUc5dzBCQVFzRkFEQXYKTVMwd0t3WURWUVFERXlRMVpERXpNVGswTkMweFl6WTJMVFJpTnpNdFlUTmpNQzFpWW1VMVltUmtNMkkyWWpFdwpJQmNOTWpNd01qRXpNRGcwTXpFM1doZ1BNakExTXpBeU1EVXdPVFF6TVRkYU1DOHhMVEFyQmdOVkJBTVRKRFZrCk1UTXhPVFEwTFRGak5qWXROR0kzTXkxaE0yTXdMV0ppWlRWaVpHUXpZalppTVRDQ0FhSXdEUVlKS29aSWh2Y04KQVFFQkJRQURnZ0dQQURDQ0FZb0NnZ0dCQU41WEhicGFpbnY3TW9DeUk5emxxK0lqa2NsVGVkUGtya1FQc3JrbAo4Z2VnaU16TWtmRG8waTlrblUwNlhjZUFQd2tjU0ZSREVMKytiYjhKeHdpdk9oRU9CMG5rRFN5dHo1Y0lBRkZ5Cjc1N1ZERHcycGhjcHhMd1lkRFE0UUVMMWFPd2t2ekltTHFtejdXTmM3MmM2c3ZweU1Edmo5ejhTK0grbFJzSDYKaFFMMy9GZUtTN2FleFJKVmJmNFJRTmpTVWNkN1BBQnZzeVVNT2pRVURTUG4rODVNbkxCQjY0TTFHY3NiYzRaaApMOER4TmxmNjJmNDBEMXB4WHpQWHZjRTlhNk4rMkgyTzgyVTY2TGpOemMyZWpFTmVWRkZwVng3aEd4Z3M1NzNQCmNsTzIrdlRTaUtHMmllWklSR21Kd2xJeDRPcVF6b0htU1Uya0RsS1lpQVF0UG82RTVTUEErWDFIc20xQlZHL1gKWXBlaE9Kdk91ZVc3UjRlLzZ2dVpsU251OTk4Q3pHU0tzOEZZdmpqd0xDRXNPQkFsUHNyTnJKdVV3LzVvSWdwNwp3VVRDQlVBdk9LZkpraktMYXlzWjFxbmV4L2xJUmpDMnhkNXFxQjZZTEtRcG1BT3JtMDNxc2NoMFp6eWtZdTFWCjROYjhmYVY4WnBDbUJTTUk2YSt3bmRyVlZ3SURBUUFCbzBJd1FEQU9CZ05WSFE4QkFmOEVCQU1DQWdRd0R3WUQKVlIwVEFRSC9CQVV3QXdFQi96QWRCZ05WSFE0RUZnUVVrUHp2cytOcWoyOEczTWtRdVZyWmtPQ3hZVG93RFFZSgpLb1pJaHZjTkFRRUxCUUFEZ2dHQkFCWUVUV3h1c1I5cFJzQ2ZrZ0xiSWtmbzJzTXNjUDF4Wm1BNDhxcVpoZ2VqCnd3QTB3THl6ZmU5TitvS2RZcG1FSkh2cHpteFVIOThGQW5DVFdTdGlTMTlqVGhnRTd5YnNLRVhXOERkSzB5M00KaXVUejJJWDlBYlgzQlliWkplWVdyMFVtdFBBaFR6VFNIN1crakN6djJaaUN2YUNOa0pQcEdsMHJLVUU2MXlkawoxSFNUMDlJVFVzQ3RNN3RSUHJTcUhxaHl3OGpHZ1pKemIwRnErQWhwMUkxYnpESWdxd1hvVzBjMEh5dkZpbmh4CkovcWFQVk93OHZQd04zQ2tWYmUrRTlFUXZxeHdLTmFLL3pOSElXL0NwVjI2eC9sWkNtNUtjc0ViMjViVmkrZXAKSjltNkhUWEo0cmJtNTNaRkY4dUZWcDhTNkhyZnBxcEk0dzIrK1IzVkNCNVF1a01SOUFuaVJ2UUg4SEwvYlVBNwpnZWN0OFRsM1pIUTFkTWZyTDdkaWJ0Skx1YnJFSUVWRm5TaUZkRjF6OWR6eC9ROUJoRXJXNXJtckpWZ2xveThVCmNMVHZ2K1JYZ0xtMTUyZHU0WjJiZ3paL3JJRDUwb01xVFR1SU9TWWg5aG5tZGVGWEhDaE92ek9KdWhqMklzYUkKUnhBTXladjlPd0orelRSNCtXTExqdz09Ci0tLS0tRU5EIENFUlRJRklDQVRFLS0tLS0K"

        client_certificate_config {
            issue_client_certificate = false
        }
    }

    monitoring_config {
        enable_components = [
            "SYSTEM_COMPONENTS",
        ]
    }

    network_policy {
        enabled  = false
        provider = "PROVIDER_UNSPECIFIED"
    }

    private_cluster_config {
        enable_private_endpoint = false
        enable_private_nodes    = false
        private_endpoint        = "10.10.0.2"
        public_endpoint         = "34.93.54.93"

        master_global_access_config {
            enabled = false
        }
    }

    release_channel {
        channel = "REGULAR"
    }
}

# google_container_node_pool.primary_nodes: (tainted)
resource "google_container_node_pool" "primary_nodes" {
    cluster        = "valentine-night-gke"
    id             = "projects/valentine-night/locations/asia-south1/clusters/valentine-night-gke/nodePools/valentine-night-gke"
    location       = "asia-south1"
    name           = "valentine-night-gke"
    node_count     = 2
    node_locations = []

    node_config {
        disk_size_gb      = 0
        guest_accelerator = []
        labels            = {
            "env" = "valentine-night"
        }
        local_ssd_count   = 0
        machine_type      = "n1-standard-1"
        metadata          = {
            "disable-legacy-endpoints" = "true"
        }
        oauth_scopes      = [
            "https://www.googleapis.com/auth/logging.write",
            "https://www.googleapis.com/auth/monitoring",
        ]
        preemptible       = false
        spot              = false
        tags              = [
            "gke-node",
            "valentine-night-gke",
        ]
        taint             = []
    }
}


Outputs:

kubernetes_cluster_host = "34.93.54.93"
kubernetes_cluster_name = "valentine-night-gke"
project_id = "valentine-night"
region = "asia-south1"